<?xml version="1.0" encoding="utf-8"?>
<Project ToolsVersion="4.0" xmlns="http://schemas.microsoft.com/developer/msbuild/2003">
  <ItemGroup>
    <Filter Include="Source Files">
      <UniqueIdentifier>{4FC737F1-C7A5-4376-A066-2A32D752A2FF}</UniqueIdentifier>
      <Extensions>cpp;c;cc;cxx;def;odl;idl;hpj;bat;asm;asmx</Extensions>
    </Filter>
    <Filter Include="Header Files">
      <UniqueIdentifier>{93995380-89BD-4b04-88EB-625FBE52EBFB}</UniqueIdentifier>
      <Extensions>h;hh;hpp;hxx;hm;inl;inc;xsd</Extensions>
    </Filter>
    <Filter Include="Resource Files">
      <UniqueIdentifier>{67DA6AB6-F800-4c08-8B7A-83BB121AAD01}</UniqueIdentifier>
      <Extensions>rc;ico;cur;bmp;dlg;rc2;rct;bin;rgs;gif;jpg;jpeg;jpe;resx;tiff;tif;png;wav;mfcribbon-ms</Extensions>
    </Filter>
    <Filter Include="Source Files\core">
      <UniqueIdentifier>{0a08957d-e300-42c9-9c9b-f8468fb095ba}</UniqueIdentifier>
    </Filter>
    <Filter Include="Source Files\core\features">
      <UniqueIdentifier>{8ac9e4fb-d6bd-475b-ad50-e2c086d6c5a8}</UniqueIdentifier>
    </Filter>
    <Filter Include="Source Files\core\features\fast">
      <UniqueIdentifier>{63c9ba94-f0a8-46b5-bcc2-6063e21d4359}</UniqueIdentifier>
    </Filter>
    <Filter Include="Header Files\core">
      <UniqueIdentifier>{3ce9ef5a-b78e-4a9f-a24c-9721d18d7d18}</UniqueIdentifier>
    </Filter>
    <Filter Include="Header Files\core\features">
      <UniqueIdentifier>{6d791e1f-ba99-4e9a-9189-3fed633325c4}</UniqueIdentifier>
    </Filter>
    <Filter Include="Header Files\core\features\fast">
      <UniqueIdentifier>{73172ea7-2a87-466d-9f94-1a3ef93a9b0a}</UniqueIdentifier>
    </Filter>
    <Filter Include="Header Files\base">
      <UniqueIdentifier>{000778a3-e369-48bc-b2c7-fbe0b0ebecc3}</UniqueIdentifier>
    </Filter>
    <Filter Include="Source Files\base">
      <UniqueIdentifier>{3771c5d7-23b1-403b-afa4-11b7aca68e29}</UniqueIdentifier>
    </Filter>
    <Filter Include="Header Files\base\math">
      <UniqueIdentifier>{d8d947ff-792d-4cd6-9427-62418a42095d}</UniqueIdentifier>
    </Filter>
    <Filter Include="Source Files\base\math">
      <UniqueIdentifier>{e5f3da76-f96c-422b-8299-e9b781fb6773}</UniqueIdentifier>
    </Filter>
  </ItemGroup>
  <ItemGroup>
    <ClCompile Include="compv_gpu.cxx">
      <Filter>Source Files</Filter>
    </ClCompile>
    <ClCompile Include="core\features\fast\compv_gpu_feature_fast_dete.cxx">
      <Filter>Source Files\core\features\fast</Filter>
    </ClCompile>
    <ClCompile Include="base\math\compv_gpu_math_convlt.cxx">
      <Filter>Source Files\base\math</Filter>
    </ClCompile>
  </ItemGroup>
  <ItemGroup>
    <ClInclude Include="include\compv\gpu\compv_gpu.h">
      <Filter>Header Files</Filter>
    </ClInclude>
    <ClInclude Include="include\compv\gpu\compv_gpu_common.h">
      <Filter>Header Files</Filter>
    </ClInclude>
    <ClInclude Include="include\compv\gpu\compv_gpu_config.h">
      <Filter>Header Files</Filter>
    </ClInclude>
    <ClInclude Include="include\compv\gpu\core\features\fast\compv_gpu_feature_fast_dete.h">
      <Filter>Header Files\core\features\fast</Filter>
    </ClInclude>
    <ClInclude Include="include\compv\gpu\base\math\compv_gpu_math_convlt.h">
      <Filter>Header Files\base\math</Filter>
    </ClInclude>
  </ItemGroup>
</Project>