<?xml version="1.0" encoding="utf-8"?>
<Project ToolsVersion="4.0" xmlns="http://schemas.microsoft.com/developer/msbuild/2003">
  <ItemGroup>
    <ClCompile Include="..\..\main.cxx" />
    <ClCompile Include="..\..\chroma_conv.cxx" />
    <ClCompile Include="..\..\feature_fast.cxx" />
    <ClCompile Include="..\..\draw_image.cxx" />
    <ClCompile Include="..\..\draw_points.cxx" />
  </ItemGroup>
  <ItemGroup>
    <ClInclude Include="..\..\..\tests_common.h" />
  </ItemGroup>
</Project>