
Microsoft Visual Studio Solution File, Format Version 12.00
# Visual Studio 14
VisualStudioVersion = 14.0.25420.1
MinimumVisualStudioVersion = 10.0.40219.1
Project("{8BC9CEB8-8B4A-11D0-8D11-00A0C91BC942}") = "thresh_adaptive.NativeActivity", "thresh_adaptive.NativeActivity\thresh_adaptive.NativeActivity.vcxproj", "{717524F8-C95F-4ABB-88D4-F73A345E2A52}"
EndProject
Project("{39E2626F-3545-4960-A6E8-258AD8476CE5}") = "thresh_adaptive.Packaging", "thresh_adaptive.Packaging\thresh_adaptive.Packaging.androidproj", "{67AFBFE9-55D9-46F5-9706-1EE4DDBFBBD1}"
EndProject
Project("{8BC9CEB8-8B4A-11D0-8D11-00A0C91BC942}") = "CompVBase", "..\..\..\base\vs_android\CompVBase.vcxproj", "{9320E994-AA59-49BA-AB64-F82AEDEC49A3}"
EndProject
Project("{8BC9CEB8-8B4A-11D0-8D11-00A0C91BC942}") = "CompVCamera", "..\..\..\camera\vs_android\CompVCamera.vcxproj", "{64AC0599-632D-483E-AED0-D355BC22C805}"
EndProject
Project("{8BC9CEB8-8B4A-11D0-8D11-00A0C91BC942}") = "CompVCore", "..\..\..\core\vs_android\CompVCore.vcxproj", "{BF9EDB99-BA3A-4083-A6B5-D52067E235A4}"
EndProject
Project("{8BC9CEB8-8B4A-11D0-8D11-00A0C91BC942}") = "CompVDrawing", "..\..\..\drawing\vs_android\CompVDrawing.vcxproj", "{68935871-4451-42BA-B9C0-C547AB282F0C}"
EndProject
Project("{8BC9CEB8-8B4A-11D0-8D11-00A0C91BC942}") = "CompVGL", "..\..\..\gl\vs_android\CompVGL.vcxproj", "{C9A86A91-D297-43F4-B31E-BE1A833391BB}"
EndProject
Project("{8BC9CEB8-8B4A-11D0-8D11-00A0C91BC942}") = "CompVGPU", "..\..\..\gpu\vs_android\CompVGPU.vcxproj", "{766DB7BD-6B40-44BC-BE41-BF78111A8AC5}"
EndProject
Global
	GlobalSection(SolutionConfigurationPlatforms) = preSolution
		Debug|ARM = Debug|ARM
		Debug|ARM64 = Debug|ARM64
		Debug|x64 = Debug|x64
		Debug|x86 = Debug|x86
		Release|ARM = Release|ARM
		Release|ARM64 = Release|ARM64
		Release|x64 = Release|x64
		Release|x86 = Release|x86
	EndGlobalSection
	GlobalSection(ProjectConfigurationPlatforms) = postSolution
		{717524F8-C95F-4ABB-88D4-F73A345E2A52}.Debug|ARM.ActiveCfg = Debug|ARM
		{717524F8-C95F-4ABB-88D4-F73A345E2A52}.Debug|ARM.Build.0 = Debug|ARM
		{717524F8-C95F-4ABB-88D4-F73A345E2A52}.Debug|ARM64.ActiveCfg = Debug|ARM64
		{717524F8-C95F-4ABB-88D4-F73A345E2A52}.Debug|ARM64.Build.0 = Debug|ARM64
		{717524F8-C95F-4ABB-88D4-F73A345E2A52}.Debug|x64.ActiveCfg = Debug|x64
		{717524F8-C95F-4ABB-88D4-F73A345E2A52}.Debug|x64.Build.0 = Debug|x64
		{717524F8-C95F-4ABB-88D4-F73A345E2A52}.Debug|x86.ActiveCfg = Debug|x86
		{717524F8-C95F-4ABB-88D4-F73A345E2A52}.Debug|x86.Build.0 = Debug|x86
		{717524F8-C95F-4ABB-88D4-F73A345E2A52}.Release|ARM.ActiveCfg = Release|ARM
		{717524F8-C95F-4ABB-88D4-F73A345E2A52}.Release|ARM.Build.0 = Release|ARM
		{717524F8-C95F-4ABB-88D4-F73A345E2A52}.Release|ARM64.ActiveCfg = Release|ARM64
		{717524F8-C95F-4ABB-88D4-F73A345E2A52}.Release|ARM64.Build.0 = Release|ARM64
		{717524F8-C95F-4ABB-88D4-F73A345E2A52}.Release|x64.ActiveCfg = Release|x64
		{717524F8-C95F-4ABB-88D4-F73A345E2A52}.Release|x64.Build.0 = Release|x64
		{717524F8-C95F-4ABB-88D4-F73A345E2A52}.Release|x86.ActiveCfg = Release|x86
		{717524F8-C95F-4ABB-88D4-F73A345E2A52}.Release|x86.Build.0 = Release|x86
		{67AFBFE9-55D9-46F5-9706-1EE4DDBFBBD1}.Debug|ARM.ActiveCfg = Debug|ARM
		{67AFBFE9-55D9-46F5-9706-1EE4DDBFBBD1}.Debug|ARM.Build.0 = Debug|ARM
		{67AFBFE9-55D9-46F5-9706-1EE4DDBFBBD1}.Debug|ARM.Deploy.0 = Debug|ARM
		{67AFBFE9-55D9-46F5-9706-1EE4DDBFBBD1}.Debug|ARM64.ActiveCfg = Debug|ARM64
		{67AFBFE9-55D9-46F5-9706-1EE4DDBFBBD1}.Debug|ARM64.Build.0 = Debug|ARM64
		{67AFBFE9-55D9-46F5-9706-1EE4DDBFBBD1}.Debug|ARM64.Deploy.0 = Debug|ARM64
		{67AFBFE9-55D9-46F5-9706-1EE4DDBFBBD1}.Debug|x64.ActiveCfg = Debug|x64
		{67AFBFE9-55D9-46F5-9706-1EE4DDBFBBD1}.Debug|x64.Build.0 = Debug|x64
		{67AFBFE9-55D9-46F5-9706-1EE4DDBFBBD1}.Debug|x64.Deploy.0 = Debug|x64
		{67AFBFE9-55D9-46F5-9706-1EE4DDBFBBD1}.Debug|x86.ActiveCfg = Debug|x86
		{67AFBFE9-55D9-46F5-9706-1EE4DDBFBBD1}.Debug|x86.Build.0 = Debug|x86
		{67AFBFE9-55D9-46F5-9706-1EE4DDBFBBD1}.Debug|x86.Deploy.0 = Debug|x86
		{67AFBFE9-55D9-46F5-9706-1EE4DDBFBBD1}.Release|ARM.ActiveCfg = Release|ARM
		{67AFBFE9-55D9-46F5-9706-1EE4DDBFBBD1}.Release|ARM.Build.0 = Release|ARM
		{67AFBFE9-55D9-46F5-9706-1EE4DDBFBBD1}.Release|ARM.Deploy.0 = Release|ARM
		{67AFBFE9-55D9-46F5-9706-1EE4DDBFBBD1}.Release|ARM64.ActiveCfg = Release|ARM64
		{67AFBFE9-55D9-46F5-9706-1EE4DDBFBBD1}.Release|ARM64.Build.0 = Release|ARM64
		{67AFBFE9-55D9-46F5-9706-1EE4DDBFBBD1}.Release|ARM64.Deploy.0 = Release|ARM64
		{67AFBFE9-55D9-46F5-9706-1EE4DDBFBBD1}.Release|x64.ActiveCfg = Release|x64
		{67AFBFE9-55D9-46F5-9706-1EE4DDBFBBD1}.Release|x64.Build.0 = Release|x64
		{67AFBFE9-55D9-46F5-9706-1EE4DDBFBBD1}.Release|x64.Deploy.0 = Release|x64
		{67AFBFE9-55D9-46F5-9706-1EE4DDBFBBD1}.Release|x86.ActiveCfg = Release|x86
		{67AFBFE9-55D9-46F5-9706-1EE4DDBFBBD1}.Release|x86.Build.0 = Release|x86
		{67AFBFE9-55D9-46F5-9706-1EE4DDBFBBD1}.Release|x86.Deploy.0 = Release|x86
		{9320E994-AA59-49BA-AB64-F82AEDEC49A3}.Debug|ARM.ActiveCfg = Debug|ARM
		{9320E994-AA59-49BA-AB64-F82AEDEC49A3}.Debug|ARM.Build.0 = Debug|ARM
		{9320E994-AA59-49BA-AB64-F82AEDEC49A3}.Debug|ARM64.ActiveCfg = Debug|ARM64
		{9320E994-AA59-49BA-AB64-F82AEDEC49A3}.Debug|ARM64.Build.0 = Debug|ARM64
		{9320E994-AA59-49BA-AB64-F82AEDEC49A3}.Debug|x64.ActiveCfg = Debug|x64
		{9320E994-AA59-49BA-AB64-F82AEDEC49A3}.Debug|x64.Build.0 = Debug|x64
		{9320E994-AA59-49BA-AB64-F82AEDEC49A3}.Debug|x86.ActiveCfg = Debug|x86
		{9320E994-AA59-49BA-AB64-F82AEDEC49A3}.Debug|x86.Build.0 = Debug|x86
		{9320E994-AA59-49BA-AB64-F82AEDEC49A3}.Release|ARM.ActiveCfg = Release|ARM
		{9320E994-AA59-49BA-AB64-F82AEDEC49A3}.Release|ARM.Build.0 = Release|ARM
		{9320E994-AA59-49BA-AB64-F82AEDEC49A3}.Release|ARM64.ActiveCfg = Release|ARM64
		{9320E994-AA59-49BA-AB64-F82AEDEC49A3}.Release|ARM64.Build.0 = Release|ARM64
		{9320E994-AA59-49BA-AB64-F82AEDEC49A3}.Release|x64.ActiveCfg = Release|x64
		{9320E994-AA59-49BA-AB64-F82AEDEC49A3}.Release|x64.Build.0 = Release|x64
		{9320E994-AA59-49BA-AB64-F82AEDEC49A3}.Release|x86.ActiveCfg = Release|x86
		{9320E994-AA59-49BA-AB64-F82AEDEC49A3}.Release|x86.Build.0 = Release|x86
		{64AC0599-632D-483E-AED0-D355BC22C805}.Debug|ARM.ActiveCfg = Debug|ARM
		{64AC0599-632D-483E-AED0-D355BC22C805}.Debug|ARM.Build.0 = Debug|ARM
		{64AC0599-632D-483E-AED0-D355BC22C805}.Debug|ARM64.ActiveCfg = Debug|ARM64
		{64AC0599-632D-483E-AED0-D355BC22C805}.Debug|ARM64.Build.0 = Debug|ARM64
		{64AC0599-632D-483E-AED0-D355BC22C805}.Debug|x64.ActiveCfg = Debug|x64
		{64AC0599-632D-483E-AED0-D355BC22C805}.Debug|x64.Build.0 = Debug|x64
		{64AC0599-632D-483E-AED0-D355BC22C805}.Debug|x86.ActiveCfg = Debug|x86
		{64AC0599-632D-483E-AED0-D355BC22C805}.Debug|x86.Build.0 = Debug|x86
		{64AC0599-632D-483E-AED0-D355BC22C805}.Release|ARM.ActiveCfg = Release|ARM
		{64AC0599-632D-483E-AED0-D355BC22C805}.Release|ARM.Build.0 = Release|ARM
		{64AC0599-632D-483E-AED0-D355BC22C805}.Release|ARM64.ActiveCfg = Release|ARM64
		{64AC0599-632D-483E-AED0-D355BC22C805}.Release|ARM64.Build.0 = Release|ARM64
		{64AC0599-632D-483E-AED0-D355BC22C805}.Release|x64.ActiveCfg = Release|x64
		{64AC0599-632D-483E-AED0-D355BC22C805}.Release|x64.Build.0 = Release|x64
		{64AC0599-632D-483E-AED0-D355BC22C805}.Release|x86.ActiveCfg = Release|x86
		{64AC0599-632D-483E-AED0-D355BC22C805}.Release|x86.Build.0 = Release|x86
		{BF9EDB99-BA3A-4083-A6B5-D52067E235A4}.Debug|ARM.ActiveCfg = Debug|ARM
		{BF9EDB99-BA3A-4083-A6B5-D52067E235A4}.Debug|ARM.Build.0 = Debug|ARM
		{BF9EDB99-BA3A-4083-A6B5-D52067E235A4}.Debug|ARM64.ActiveCfg = Debug|ARM64
		{BF9EDB99-BA3A-4083-A6B5-D52067E235A4}.Debug|ARM64.Build.0 = Debug|ARM64
		{BF9EDB99-BA3A-4083-A6B5-D52067E235A4}.Debug|x64.ActiveCfg = Debug|x64
		{BF9EDB99-BA3A-4083-A6B5-D52067E235A4}.Debug|x64.Build.0 = Debug|x64
		{BF9EDB99-BA3A-4083-A6B5-D52067E235A4}.Debug|x86.ActiveCfg = Debug|x86
		{BF9EDB99-BA3A-4083-A6B5-D52067E235A4}.Debug|x86.Build.0 = Debug|x86
		{BF9EDB99-BA3A-4083-A6B5-D52067E235A4}.Release|ARM.ActiveCfg = Release|ARM
		{BF9EDB99-BA3A-4083-A6B5-D52067E235A4}.Release|ARM.Build.0 = Release|ARM
		{BF9EDB99-BA3A-4083-A6B5-D52067E235A4}.Release|ARM64.ActiveCfg = Release|ARM64
		{BF9EDB99-BA3A-4083-A6B5-D52067E235A4}.Release|ARM64.Build.0 = Release|ARM64
		{BF9EDB99-BA3A-4083-A6B5-D52067E235A4}.Release|x64.ActiveCfg = Release|x64
		{BF9EDB99-BA3A-4083-A6B5-D52067E235A4}.Release|x64.Build.0 = Release|x64
		{BF9EDB99-BA3A-4083-A6B5-D52067E235A4}.Release|x86.ActiveCfg = Release|x86
		{BF9EDB99-BA3A-4083-A6B5-D52067E235A4}.Release|x86.Build.0 = Release|x86
		{68935871-4451-42BA-B9C0-C547AB282F0C}.Debug|ARM.ActiveCfg = Debug|ARM
		{68935871-4451-42BA-B9C0-C547AB282F0C}.Debug|ARM.Build.0 = Debug|ARM
		{68935871-4451-42BA-B9C0-C547AB282F0C}.Debug|ARM64.ActiveCfg = Debug|ARM64
		{68935871-4451-42BA-B9C0-C547AB282F0C}.Debug|ARM64.Build.0 = Debug|ARM64
		{68935871-4451-42BA-B9C0-C547AB282F0C}.Debug|x64.ActiveCfg = Debug|x64
		{68935871-4451-42BA-B9C0-C547AB282F0C}.Debug|x64.Build.0 = Debug|x64
		{68935871-4451-42BA-B9C0-C547AB282F0C}.Debug|x86.ActiveCfg = Debug|x86
		{68935871-4451-42BA-B9C0-C547AB282F0C}.Debug|x86.Build.0 = Debug|x86
		{68935871-4451-42BA-B9C0-C547AB282F0C}.Release|ARM.ActiveCfg = Release|ARM
		{68935871-4451-42BA-B9C0-C547AB282F0C}.Release|ARM.Build.0 = Release|ARM
		{68935871-4451-42BA-B9C0-C547AB282F0C}.Release|ARM64.ActiveCfg = Release|ARM64
		{68935871-4451-42BA-B9C0-C547AB282F0C}.Release|ARM64.Build.0 = Release|ARM64
		{68935871-4451-42BA-B9C0-C547AB282F0C}.Release|x64.ActiveCfg = Release|x64
		{68935871-4451-42BA-B9C0-C547AB282F0C}.Release|x64.Build.0 = Release|x64
		{68935871-4451-42BA-B9C0-C547AB282F0C}.Release|x86.ActiveCfg = Release|x86
		{68935871-4451-42BA-B9C0-C547AB282F0C}.Release|x86.Build.0 = Release|x86
		{C9A86A91-D297-43F4-B31E-BE1A833391BB}.Debug|ARM.ActiveCfg = Debug|ARM
		{C9A86A91-D297-43F4-B31E-BE1A833391BB}.Debug|ARM.Build.0 = Debug|ARM
		{C9A86A91-D297-43F4-B31E-BE1A833391BB}.Debug|ARM64.ActiveCfg = Debug|ARM64
		{C9A86A91-D297-43F4-B31E-BE1A833391BB}.Debug|ARM64.Build.0 = Debug|ARM64
		{C9A86A91-D297-43F4-B31E-BE1A833391BB}.Debug|x64.ActiveCfg = Debug|x64
		{C9A86A91-D297-43F4-B31E-BE1A833391BB}.Debug|x64.Build.0 = Debug|x64
		{C9A86A91-D297-43F4-B31E-BE1A833391BB}.Debug|x86.ActiveCfg = Debug|x86
		{C9A86A91-D297-43F4-B31E-BE1A833391BB}.Debug|x86.Build.0 = Debug|x86
		{C9A86A91-D297-43F4-B31E-BE1A833391BB}.Release|ARM.ActiveCfg = Release|ARM
		{C9A86A91-D297-43F4-B31E-BE1A833391BB}.Release|ARM.Build.0 = Release|ARM
		{C9A86A91-D297-43F4-B31E-BE1A833391BB}.Release|ARM64.ActiveCfg = Release|ARM64
		{C9A86A91-D297-43F4-B31E-BE1A833391BB}.Release|ARM64.Build.0 = Release|ARM64
		{C9A86A91-D297-43F4-B31E-BE1A833391BB}.Release|x64.ActiveCfg = Release|x64
		{C9A86A91-D297-43F4-B31E-BE1A833391BB}.Release|x64.Build.0 = Release|x64
		{C9A86A91-D297-43F4-B31E-BE1A833391BB}.Release|x86.ActiveCfg = Release|x86
		{C9A86A91-D297-43F4-B31E-BE1A833391BB}.Release|x86.Build.0 = Release|x86
		{766DB7BD-6B40-44BC-BE41-BF78111A8AC5}.Debug|ARM.ActiveCfg = Debug|ARM
		{766DB7BD-6B40-44BC-BE41-BF78111A8AC5}.Debug|ARM.Build.0 = Debug|ARM
		{766DB7BD-6B40-44BC-BE41-BF78111A8AC5}.Debug|ARM64.ActiveCfg = Debug|ARM64
		{766DB7BD-6B40-44BC-BE41-BF78111A8AC5}.Debug|ARM64.Build.0 = Debug|ARM64
		{766DB7BD-6B40-44BC-BE41-BF78111A8AC5}.Debug|x64.ActiveCfg = Debug|x64
		{766DB7BD-6B40-44BC-BE41-BF78111A8AC5}.Debug|x64.Build.0 = Debug|x64
		{766DB7BD-6B40-44BC-BE41-BF78111A8AC5}.Debug|x86.ActiveCfg = Debug|x86
		{766DB7BD-6B40-44BC-BE41-BF78111A8AC5}.Debug|x86.Build.0 = Debug|x86
		{766DB7BD-6B40-44BC-BE41-BF78111A8AC5}.Release|ARM.ActiveCfg = Release|ARM
		{766DB7BD-6B40-44BC-BE41-BF78111A8AC5}.Release|ARM.Build.0 = Release|ARM
		{766DB7BD-6B40-44BC-BE41-BF78111A8AC5}.Release|ARM64.ActiveCfg = Release|ARM64
		{766DB7BD-6B40-44BC-BE41-BF78111A8AC5}.Release|ARM64.Build.0 = Release|ARM64
		{766DB7BD-6B40-44BC-BE41-BF78111A8AC5}.Release|x64.ActiveCfg = Release|x64
		{766DB7BD-6B40-44BC-BE41-BF78111A8AC5}.Release|x64.Build.0 = Release|x64
		{766DB7BD-6B40-44BC-BE41-BF78111A8AC5}.Release|x86.ActiveCfg = Release|x86
		{766DB7BD-6B40-44BC-BE41-BF78111A8AC5}.Release|x86.Build.0 = Release|x86
	EndGlobalSection
	GlobalSection(SolutionProperties) = preSolution
		HideSolutionNode = FALSE
	EndGlobalSection
EndGlobal
