<?xml version="1.0" encoding="utf-8"?>
<Project ToolsVersion="4.0" xmlns="http://schemas.microsoft.com/developer/msbuild/2003">
  <ItemGroup>
    <Filter Include="include">
      <UniqueIdentifier>{5bb1c72d-8c9f-4119-9498-4552ae78d61f}</UniqueIdentifier>
    </Filter>
    <Filter Include="source">
      <UniqueIdentifier>{5f82f1bd-f5b6-43d8-a443-29cc65d6e965}</UniqueIdentifier>
    </Filter>
  </ItemGroup>
  <ItemGroup>
    <ClInclude Include="..\include\compv\drawing\compv_drawing.h">
      <Filter>include</Filter>
    </ClInclude>
    <ClInclude Include="..\include\compv\drawing\compv_drawing_canvas_skia.h">
      <Filter>include</Filter>
    </ClInclude>
    <ClInclude Include="..\include\compv\drawing\compv_drawing_common.h">
      <Filter>include</Filter>
    </ClInclude>
    <ClInclude Include="..\include\compv\drawing\compv_drawing_config.h">
      <Filter>include</Filter>
    </ClInclude>
    <ClInclude Include="..\include\compv\drawing\compv_drawing_factory.h">
      <Filter>include</Filter>
    </ClInclude>
    <ClInclude Include="..\include\compv\drawing\compv_drawing_image_libjpeg.h">
      <Filter>include</Filter>
    </ClInclude>
    <ClInclude Include="..\include\compv\drawing\compv_drawing_window_egl.h">
      <Filter>include</Filter>
    </ClInclude>
    <ClInclude Include="..\include\compv\drawing\compv_drawing_window_egl_android.h">
      <Filter>include</Filter>
    </ClInclude>
    <ClInclude Include="..\include\compv\drawing\compv_drawing_window_glfw3.h">
      <Filter>include</Filter>
    </ClInclude>
    <ClInclude Include="..\include\compv\drawing\compv_drawing_window_sdl.h">
      <Filter>include</Filter>
    </ClInclude>
  </ItemGroup>
  <ItemGroup>
    <ClCompile Include="..\compv_drawing.cxx">
      <Filter>source</Filter>
    </ClCompile>
    <ClCompile Include="..\compv_drawing_canvas_skia.cxx">
      <Filter>source</Filter>
    </ClCompile>
    <ClCompile Include="..\compv_drawing_factory.cxx">
      <Filter>source</Filter>
    </ClCompile>
    <ClCompile Include="..\compv_drawing_image_libjpeg.cxx">
      <Filter>source</Filter>
    </ClCompile>
    <ClCompile Include="..\compv_drawing_window_egl.cxx">
      <Filter>source</Filter>
    </ClCompile>
    <ClCompile Include="..\compv_drawing_window_egl_android.cxx">
      <Filter>source</Filter>
    </ClCompile>
    <ClCompile Include="..\compv_drawing_window_glfw3.cxx">
      <Filter>source</Filter>
    </ClCompile>
    <ClCompile Include="..\compv_drawing_window_sdl.cxx">
      <Filter>source</Filter>
    </ClCompile>
  </ItemGroup>
</Project>