
Microsoft Visual Studio Solution File, Format Version 12.00
# Visual Studio 14
VisualStudioVersion = 14.0.25420.1
MinimumVisualStudioVersion = 10.0.40219.1
Project("{8BC9CEB8-8B4A-11D0-8D11-00A0C91BC942}") = "hello.NativeActivity", "hello.NativeActivity\hello.NativeActivity.vcxproj", "{CE3C6780-3488-4A94-8695-5ADA65D178CC}"
	ProjectSection(ProjectDependencies) = postProject
		{68935871-4451-42BA-B9C0-C547AB282F0C} = {68935871-4451-42BA-B9C0-C547AB282F0C}
		{C9A86A91-D297-43F4-B31E-BE1A833391BB} = {C9A86A91-D297-43F4-B31E-BE1A833391BB}
		{9320E994-AA59-49BA-AB64-F82AEDEC49A3} = {9320E994-AA59-49BA-AB64-F82AEDEC49A3}
	EndProjectSection
EndProject
Project("{39E2626F-3545-4960-A6E8-258AD8476CE5}") = "hello.Packaging", "hello.Packaging\hello.Packaging.androidproj", "{15347D24-6222-4F29-B25C-9A498149D960}"
	ProjectSection(ProjectDependencies) = postProject
		{68935871-4451-42BA-B9C0-C547AB282F0C} = {68935871-4451-42BA-B9C0-C547AB282F0C}
		{C9A86A91-D297-43F4-B31E-BE1A833391BB} = {C9A86A91-D297-43F4-B31E-BE1A833391BB}
		{9320E994-AA59-49BA-AB64-F82AEDEC49A3} = {9320E994-AA59-49BA-AB64-F82AEDEC49A3}
		{64AC0599-632D-483E-AED0-D355BC22C805} = {64AC0599-632D-483E-AED0-D355BC22C805}
	EndProjectSection
EndProject
Project("{8BC9CEB8-8B4A-11D0-8D11-00A0C91BC942}") = "CompVDrawing", "..\..\..\vs_android\CompVDrawing.vcxproj", "{68935871-4451-42BA-B9C0-C547AB282F0C}"
	ProjectSection(ProjectDependencies) = postProject
		{C9A86A91-D297-43F4-B31E-BE1A833391BB} = {C9A86A91-D297-43F4-B31E-BE1A833391BB}
		{9320E994-AA59-49BA-AB64-F82AEDEC49A3} = {9320E994-AA59-49BA-AB64-F82AEDEC49A3}
	EndProjectSection
EndProject
Project("{8BC9CEB8-8B4A-11D0-8D11-00A0C91BC942}") = "CompVBase", "..\..\..\..\base\vs_android\CompVBase.vcxproj", "{9320E994-AA59-49BA-AB64-F82AEDEC49A3}"
EndProject
Project("{2150E333-8FDC-42A3-9474-1A3956D46DE8}") = "Solution Items", "Solution Items", "{3CBD37D1-E778-4C7A-B537-1E2F7176E6B0}"
	ProjectSection(SolutionItems) = preProject
		..\..\..\..\api\include\compv\compv_api.h = ..\..\..\..\api\include\compv\compv_api.h
	EndProjectSection
EndProject
Project("{8BC9CEB8-8B4A-11D0-8D11-00A0C91BC942}") = "CompVGL", "..\..\..\..\gl\vs_android\CompVGL.vcxproj", "{C9A86A91-D297-43F4-B31E-BE1A833391BB}"
EndProject
Project("{8BC9CEB8-8B4A-11D0-8D11-00A0C91BC942}") = "CompVCamera", "..\..\..\..\camera\vs_android\CompVCamera.vcxproj", "{64AC0599-632D-483E-AED0-D355BC22C805}"
EndProject
Global
	GlobalSection(SolutionConfigurationPlatforms) = preSolution
		Debug|ARM = Debug|ARM
		Debug|ARM64 = Debug|ARM64
		Debug|x64 = Debug|x64
		Debug|x86 = Debug|x86
		Release|ARM = Release|ARM
		Release|ARM64 = Release|ARM64
		Release|x64 = Release|x64
		Release|x86 = Release|x86
	EndGlobalSection
	GlobalSection(ProjectConfigurationPlatforms) = postSolution
		{CE3C6780-3488-4A94-8695-5ADA65D178CC}.Debug|ARM.ActiveCfg = Debug|ARM
		{CE3C6780-3488-4A94-8695-5ADA65D178CC}.Debug|ARM.Build.0 = Debug|ARM
		{CE3C6780-3488-4A94-8695-5ADA65D178CC}.Debug|ARM.Deploy.0 = Debug|ARM
		{CE3C6780-3488-4A94-8695-5ADA65D178CC}.Debug|ARM64.ActiveCfg = Debug|ARM64
		{CE3C6780-3488-4A94-8695-5ADA65D178CC}.Debug|ARM64.Build.0 = Debug|ARM64
		{CE3C6780-3488-4A94-8695-5ADA65D178CC}.Debug|x64.ActiveCfg = Debug|x64
		{CE3C6780-3488-4A94-8695-5ADA65D178CC}.Debug|x64.Build.0 = Debug|x64
		{CE3C6780-3488-4A94-8695-5ADA65D178CC}.Debug|x86.ActiveCfg = Debug|x86
		{CE3C6780-3488-4A94-8695-5ADA65D178CC}.Debug|x86.Build.0 = Debug|x86
		{CE3C6780-3488-4A94-8695-5ADA65D178CC}.Release|ARM.ActiveCfg = Release|ARM
		{CE3C6780-3488-4A94-8695-5ADA65D178CC}.Release|ARM.Build.0 = Release|ARM
		{CE3C6780-3488-4A94-8695-5ADA65D178CC}.Release|ARM64.ActiveCfg = Release|ARM64
		{CE3C6780-3488-4A94-8695-5ADA65D178CC}.Release|ARM64.Build.0 = Release|ARM64
		{CE3C6780-3488-4A94-8695-5ADA65D178CC}.Release|x64.ActiveCfg = Release|x64
		{CE3C6780-3488-4A94-8695-5ADA65D178CC}.Release|x64.Build.0 = Release|x64
		{CE3C6780-3488-4A94-8695-5ADA65D178CC}.Release|x86.ActiveCfg = Release|x86
		{CE3C6780-3488-4A94-8695-5ADA65D178CC}.Release|x86.Build.0 = Release|x86
		{15347D24-6222-4F29-B25C-9A498149D960}.Debug|ARM.ActiveCfg = Debug|ARM
		{15347D24-6222-4F29-B25C-9A498149D960}.Debug|ARM.Build.0 = Debug|ARM
		{15347D24-6222-4F29-B25C-9A498149D960}.Debug|ARM.Deploy.0 = Debug|ARM
		{15347D24-6222-4F29-B25C-9A498149D960}.Debug|ARM64.ActiveCfg = Debug|ARM64
		{15347D24-6222-4F29-B25C-9A498149D960}.Debug|ARM64.Build.0 = Debug|ARM64
		{15347D24-6222-4F29-B25C-9A498149D960}.Debug|ARM64.Deploy.0 = Debug|ARM64
		{15347D24-6222-4F29-B25C-9A498149D960}.Debug|x64.ActiveCfg = Debug|x64
		{15347D24-6222-4F29-B25C-9A498149D960}.Debug|x64.Build.0 = Debug|x64
		{15347D24-6222-4F29-B25C-9A498149D960}.Debug|x64.Deploy.0 = Debug|x64
		{15347D24-6222-4F29-B25C-9A498149D960}.Debug|x86.ActiveCfg = Debug|x86
		{15347D24-6222-4F29-B25C-9A498149D960}.Debug|x86.Build.0 = Debug|x86
		{15347D24-6222-4F29-B25C-9A498149D960}.Debug|x86.Deploy.0 = Debug|x86
		{15347D24-6222-4F29-B25C-9A498149D960}.Release|ARM.ActiveCfg = Release|ARM
		{15347D24-6222-4F29-B25C-9A498149D960}.Release|ARM.Build.0 = Release|ARM
		{15347D24-6222-4F29-B25C-9A498149D960}.Release|ARM.Deploy.0 = Release|ARM
		{15347D24-6222-4F29-B25C-9A498149D960}.Release|ARM64.ActiveCfg = Release|ARM64
		{15347D24-6222-4F29-B25C-9A498149D960}.Release|ARM64.Build.0 = Release|ARM64
		{15347D24-6222-4F29-B25C-9A498149D960}.Release|ARM64.Deploy.0 = Release|ARM64
		{15347D24-6222-4F29-B25C-9A498149D960}.Release|x64.ActiveCfg = Release|x64
		{15347D24-6222-4F29-B25C-9A498149D960}.Release|x64.Build.0 = Release|x64
		{15347D24-6222-4F29-B25C-9A498149D960}.Release|x64.Deploy.0 = Release|x64
		{15347D24-6222-4F29-B25C-9A498149D960}.Release|x86.ActiveCfg = Release|x86
		{15347D24-6222-4F29-B25C-9A498149D960}.Release|x86.Build.0 = Release|x86
		{15347D24-6222-4F29-B25C-9A498149D960}.Release|x86.Deploy.0 = Release|x86
		{68935871-4451-42BA-B9C0-C547AB282F0C}.Debug|ARM.ActiveCfg = Debug|ARM
		{68935871-4451-42BA-B9C0-C547AB282F0C}.Debug|ARM.Build.0 = Debug|ARM
		{68935871-4451-42BA-B9C0-C547AB282F0C}.Debug|ARM.Deploy.0 = Debug|ARM
		{68935871-4451-42BA-B9C0-C547AB282F0C}.Debug|ARM64.ActiveCfg = Debug|ARM64
		{68935871-4451-42BA-B9C0-C547AB282F0C}.Debug|ARM64.Build.0 = Debug|ARM64
		{68935871-4451-42BA-B9C0-C547AB282F0C}.Debug|x64.ActiveCfg = Debug|x64
		{68935871-4451-42BA-B9C0-C547AB282F0C}.Debug|x64.Build.0 = Debug|x64
		{68935871-4451-42BA-B9C0-C547AB282F0C}.Debug|x86.ActiveCfg = Debug|x86
		{68935871-4451-42BA-B9C0-C547AB282F0C}.Debug|x86.Build.0 = Debug|x86
		{68935871-4451-42BA-B9C0-C547AB282F0C}.Release|ARM.ActiveCfg = Release|ARM
		{68935871-4451-42BA-B9C0-C547AB282F0C}.Release|ARM.Build.0 = Release|ARM
		{68935871-4451-42BA-B9C0-C547AB282F0C}.Release|ARM64.ActiveCfg = Release|ARM64
		{68935871-4451-42BA-B9C0-C547AB282F0C}.Release|ARM64.Build.0 = Release|ARM64
		{68935871-4451-42BA-B9C0-C547AB282F0C}.Release|x64.ActiveCfg = Release|x64
		{68935871-4451-42BA-B9C0-C547AB282F0C}.Release|x64.Build.0 = Release|x64
		{68935871-4451-42BA-B9C0-C547AB282F0C}.Release|x86.ActiveCfg = Release|x86
		{68935871-4451-42BA-B9C0-C547AB282F0C}.Release|x86.Build.0 = Release|x86
		{9320E994-AA59-49BA-AB64-F82AEDEC49A3}.Debug|ARM.ActiveCfg = Debug|ARM
		{9320E994-AA59-49BA-AB64-F82AEDEC49A3}.Debug|ARM.Build.0 = Debug|ARM
		{9320E994-AA59-49BA-AB64-F82AEDEC49A3}.Debug|ARM64.ActiveCfg = Debug|ARM64
		{9320E994-AA59-49BA-AB64-F82AEDEC49A3}.Debug|ARM64.Build.0 = Debug|ARM64
		{9320E994-AA59-49BA-AB64-F82AEDEC49A3}.Debug|x64.ActiveCfg = Debug|x64
		{9320E994-AA59-49BA-AB64-F82AEDEC49A3}.Debug|x64.Build.0 = Debug|x64
		{9320E994-AA59-49BA-AB64-F82AEDEC49A3}.Debug|x86.ActiveCfg = Debug|x86
		{9320E994-AA59-49BA-AB64-F82AEDEC49A3}.Debug|x86.Build.0 = Debug|x86
		{9320E994-AA59-49BA-AB64-F82AEDEC49A3}.Release|ARM.ActiveCfg = Release|ARM
		{9320E994-AA59-49BA-AB64-F82AEDEC49A3}.Release|ARM.Build.0 = Release|ARM
		{9320E994-AA59-49BA-AB64-F82AEDEC49A3}.Release|ARM64.ActiveCfg = Release|ARM64
		{9320E994-AA59-49BA-AB64-F82AEDEC49A3}.Release|ARM64.Build.0 = Release|ARM64
		{9320E994-AA59-49BA-AB64-F82AEDEC49A3}.Release|x64.ActiveCfg = Release|x64
		{9320E994-AA59-49BA-AB64-F82AEDEC49A3}.Release|x64.Build.0 = Release|x64
		{9320E994-AA59-49BA-AB64-F82AEDEC49A3}.Release|x86.ActiveCfg = Release|x86
		{9320E994-AA59-49BA-AB64-F82AEDEC49A3}.Release|x86.Build.0 = Release|x86
		{C9A86A91-D297-43F4-B31E-BE1A833391BB}.Debug|ARM.ActiveCfg = Debug|ARM
		{C9A86A91-D297-43F4-B31E-BE1A833391BB}.Debug|ARM.Build.0 = Debug|ARM
		{C9A86A91-D297-43F4-B31E-BE1A833391BB}.Debug|ARM64.ActiveCfg = Debug|ARM64
		{C9A86A91-D297-43F4-B31E-BE1A833391BB}.Debug|ARM64.Build.0 = Debug|ARM64
		{C9A86A91-D297-43F4-B31E-BE1A833391BB}.Debug|x64.ActiveCfg = Debug|x64
		{C9A86A91-D297-43F4-B31E-BE1A833391BB}.Debug|x64.Build.0 = Debug|x64
		{C9A86A91-D297-43F4-B31E-BE1A833391BB}.Debug|x86.ActiveCfg = Debug|x86
		{C9A86A91-D297-43F4-B31E-BE1A833391BB}.Debug|x86.Build.0 = Debug|x86
		{C9A86A91-D297-43F4-B31E-BE1A833391BB}.Release|ARM.ActiveCfg = Release|ARM
		{C9A86A91-D297-43F4-B31E-BE1A833391BB}.Release|ARM.Build.0 = Release|ARM
		{C9A86A91-D297-43F4-B31E-BE1A833391BB}.Release|ARM64.ActiveCfg = Release|ARM64
		{C9A86A91-D297-43F4-B31E-BE1A833391BB}.Release|ARM64.Build.0 = Release|ARM64
		{C9A86A91-D297-43F4-B31E-BE1A833391BB}.Release|x64.ActiveCfg = Release|x64
		{C9A86A91-D297-43F4-B31E-BE1A833391BB}.Release|x64.Build.0 = Release|x64
		{C9A86A91-D297-43F4-B31E-BE1A833391BB}.Release|x86.ActiveCfg = Release|x86
		{C9A86A91-D297-43F4-B31E-BE1A833391BB}.Release|x86.Build.0 = Release|x86
		{64AC0599-632D-483E-AED0-D355BC22C805}.Debug|ARM.ActiveCfg = Debug|ARM
		{64AC0599-632D-483E-AED0-D355BC22C805}.Debug|ARM.Build.0 = Debug|ARM
		{64AC0599-632D-483E-AED0-D355BC22C805}.Debug|ARM64.ActiveCfg = Debug|ARM64
		{64AC0599-632D-483E-AED0-D355BC22C805}.Debug|ARM64.Build.0 = Debug|ARM64
		{64AC0599-632D-483E-AED0-D355BC22C805}.Debug|x64.ActiveCfg = Debug|x64
		{64AC0599-632D-483E-AED0-D355BC22C805}.Debug|x64.Build.0 = Debug|x64
		{64AC0599-632D-483E-AED0-D355BC22C805}.Debug|x86.ActiveCfg = Debug|x86
		{64AC0599-632D-483E-AED0-D355BC22C805}.Debug|x86.Build.0 = Debug|x86
		{64AC0599-632D-483E-AED0-D355BC22C805}.Release|ARM.ActiveCfg = Release|ARM
		{64AC0599-632D-483E-AED0-D355BC22C805}.Release|ARM.Build.0 = Release|ARM
		{64AC0599-632D-483E-AED0-D355BC22C805}.Release|ARM64.ActiveCfg = Release|ARM64
		{64AC0599-632D-483E-AED0-D355BC22C805}.Release|ARM64.Build.0 = Release|ARM64
		{64AC0599-632D-483E-AED0-D355BC22C805}.Release|x64.ActiveCfg = Release|x64
		{64AC0599-632D-483E-AED0-D355BC22C805}.Release|x64.Build.0 = Release|x64
		{64AC0599-632D-483E-AED0-D355BC22C805}.Release|x86.ActiveCfg = Release|x86
		{64AC0599-632D-483E-AED0-D355BC22C805}.Release|x86.Build.0 = Release|x86
	EndGlobalSection
	GlobalSection(SolutionProperties) = preSolution
		HideSolutionNode = FALSE
	EndGlobalSection
EndGlobal
