<?xml version="1.0" encoding="utf-8"?>
<Project ToolsVersion="4.0" xmlns="http://schemas.microsoft.com/developer/msbuild/2003">
  <ItemGroup>
    <Filter Include="include">
      <UniqueIdentifier>{11e9700f-5659-46e4-b0d0-3b36ba2bdb73}</UniqueIdentifier>
    </Filter>
    <Filter Include="source">
      <UniqueIdentifier>{7e18a987-88b7-4845-ab2e-86a7c81b15c0}</UniqueIdentifier>
    </Filter>
    <Filter Include="include\calib">
      <UniqueIdentifier>{b5b7b240-17b7-4909-8e40-28ca2982f4be}</UniqueIdentifier>
    </Filter>
    <Filter Include="include\features">
      <UniqueIdentifier>{f785e66d-6c01-4d07-81c4-574836e4ca6c}</UniqueIdentifier>
    </Filter>
    <Filter Include="include\features\edges">
      <UniqueIdentifier>{350374e2-4847-4453-b69a-4a98c45230cc}</UniqueIdentifier>
    </Filter>
    <Filter Include="include\features\fast">
      <UniqueIdentifier>{ec0f609f-39eb-4235-99dc-1193c39638cc}</UniqueIdentifier>
    </Filter>
    <Filter Include="include\features\hough">
      <UniqueIdentifier>{629fa9a6-b164-4c3d-91e9-c43cefee1cc0}</UniqueIdentifier>
    </Filter>
    <Filter Include="include\features\orb">
      <UniqueIdentifier>{337c0c07-7d80-479b-8734-335868076003}</UniqueIdentifier>
    </Filter>
    <Filter Include="include\matchers">
      <UniqueIdentifier>{73fe15aa-a2a7-4d15-a842-58a8cdd3c399}</UniqueIdentifier>
    </Filter>
    <Filter Include="source\calib">
      <UniqueIdentifier>{0bb8805a-e0ac-4e2a-ba93-99922996f501}</UniqueIdentifier>
    </Filter>
    <Filter Include="source\features">
      <UniqueIdentifier>{2556fd58-e243-4945-8705-dbe0f7d01ec0}</UniqueIdentifier>
    </Filter>
    <Filter Include="source\features\edges">
      <UniqueIdentifier>{1d6931d9-b341-4852-8ee4-10b1a484e8e1}</UniqueIdentifier>
    </Filter>
    <Filter Include="source\features\fast">
      <UniqueIdentifier>{052c9404-d7d6-40c5-9f42-fc3bf6ac1f14}</UniqueIdentifier>
    </Filter>
    <Filter Include="source\features\hough">
      <UniqueIdentifier>{fe817f46-aae8-4989-8d01-31cd48095b11}</UniqueIdentifier>
    </Filter>
    <Filter Include="source\features\orb">
      <UniqueIdentifier>{5592add5-3a14-4f19-b167-da163e57de66}</UniqueIdentifier>
    </Filter>
    <Filter Include="source\matchers">
      <UniqueIdentifier>{c7ce739e-93e8-443f-89ef-d789df45ce5d}</UniqueIdentifier>
    </Filter>
    <Filter Include="source\features\fast\intrin">
      <UniqueIdentifier>{4f8eaf8b-694b-4b42-94a7-395cd26bb185}</UniqueIdentifier>
    </Filter>
    <Filter Include="source\features\fast\intrin\x86">
      <UniqueIdentifier>{1faa80bf-d19a-4a3d-8819-864efb3908a9}</UniqueIdentifier>
    </Filter>
    <Filter Include="source\features\fast\intrin\arm">
      <UniqueIdentifier>{3a08bd23-16f7-43c0-9bcb-d7bed03353c7}</UniqueIdentifier>
    </Filter>
    <Filter Include="include\features\fast\intrin">
      <UniqueIdentifier>{0d358973-555e-4a2d-83ae-639e66f32b9b}</UniqueIdentifier>
    </Filter>
    <Filter Include="include\features\fast\intrin\x86">
      <UniqueIdentifier>{49249776-5a3a-4527-85ee-f8dd25f75209}</UniqueIdentifier>
    </Filter>
    <Filter Include="include\features\fast\intrin\arm">
      <UniqueIdentifier>{74803e83-54d6-442f-82fa-ed4b597a82f3}</UniqueIdentifier>
    </Filter>
    <Filter Include="source\features\fast\asm">
      <UniqueIdentifier>{d084059d-3331-4a43-b5c3-f869f69bf60e}</UniqueIdentifier>
    </Filter>
    <Filter Include="source\features\fast\asm\arm">
      <UniqueIdentifier>{15cbd72b-43b5-459d-b09c-247cad4a792c}</UniqueIdentifier>
    </Filter>
    <Filter Include="source\features\fast\asm\x86">
      <UniqueIdentifier>{c355eb18-ada0-4a51-b533-f8187ad174b0}</UniqueIdentifier>
    </Filter>
    <Filter Include="source\features\orb\intrin">
      <UniqueIdentifier>{595ad2aa-1d8d-4e92-bbe9-4f78705bf2ac}</UniqueIdentifier>
    </Filter>
    <Filter Include="source\features\orb\intrin\x86">
      <UniqueIdentifier>{03b64197-e866-4dcc-aeb1-ae85cc377c6b}</UniqueIdentifier>
    </Filter>
    <Filter Include="include\features\orb\intrin">
      <UniqueIdentifier>{9f270b80-6f1f-4f58-9d13-f403e1d580c3}</UniqueIdentifier>
    </Filter>
    <Filter Include="include\features\orb\intrin\x86">
      <UniqueIdentifier>{d9cf129a-f54c-4ca5-a57a-4224c339108c}</UniqueIdentifier>
    </Filter>
    <Filter Include="include\features\orb\intrin\arm">
      <UniqueIdentifier>{17715349-b104-461b-92d9-9aa98a2e202d}</UniqueIdentifier>
    </Filter>
    <Filter Include="source\features\orb\intrin\arm">
      <UniqueIdentifier>{a45a8447-390b-4f33-b409-dfdbff161afd}</UniqueIdentifier>
    </Filter>
    <Filter Include="source\features\orb\asm">
      <UniqueIdentifier>{847921f8-667e-41d0-9b33-0c14faeb3a80}</UniqueIdentifier>
    </Filter>
    <Filter Include="source\features\orb\asm\arm">
      <UniqueIdentifier>{b3127b75-668d-48a6-adf5-643902fc7a0e}</UniqueIdentifier>
    </Filter>
    <Filter Include="source\features\edges\intrin">
      <UniqueIdentifier>{79284a8b-dee1-446f-b111-c61c4c8bd3a3}</UniqueIdentifier>
    </Filter>
    <Filter Include="source\features\edges\intrin\x86">
      <UniqueIdentifier>{bd8fad7a-93eb-480b-a2b4-cbea5def6168}</UniqueIdentifier>
    </Filter>
    <Filter Include="source\features\edges\intrin\arm">
      <UniqueIdentifier>{6faabdaa-0502-4399-b414-1617a7bbac8d}</UniqueIdentifier>
    </Filter>
    <Filter Include="source\features\edges\asm">
      <UniqueIdentifier>{0214d024-d5cc-43ef-95b9-13168ba4e5cd}</UniqueIdentifier>
    </Filter>
    <Filter Include="source\features\edges\asm\x86">
      <UniqueIdentifier>{0c8957b7-8bf9-4175-9175-02449d0bbe5b}</UniqueIdentifier>
    </Filter>
    <Filter Include="source\features\edges\asm\arm">
      <UniqueIdentifier>{a49d815c-d0e1-4820-a48a-43271a96eaea}</UniqueIdentifier>
    </Filter>
    <Filter Include="include\features\edges\intrin">
      <UniqueIdentifier>{5502bb66-0c98-4831-8d0d-81d9449029da}</UniqueIdentifier>
    </Filter>
    <Filter Include="include\features\edges\intrin\x86">
      <UniqueIdentifier>{7c7bf715-bac8-44bb-b44c-436cfbe47683}</UniqueIdentifier>
    </Filter>
    <Filter Include="include\features\edges\intrin\arm">
      <UniqueIdentifier>{2bfeb28d-068f-436d-8357-d5d0a988448f}</UniqueIdentifier>
    </Filter>
    <Filter Include="source\features\hough\intrin">
      <UniqueIdentifier>{62d0a78f-6a38-4932-8d6c-221c2da167b7}</UniqueIdentifier>
    </Filter>
    <Filter Include="source\features\hough\intrin\arm">
      <UniqueIdentifier>{5473f7a9-f73e-4ca2-a63b-1d63988be16a}</UniqueIdentifier>
    </Filter>
    <Filter Include="include\features\hough\intrin">
      <UniqueIdentifier>{9d326a12-548d-45ec-8216-99f6779aa8a6}</UniqueIdentifier>
    </Filter>
    <Filter Include="include\features\hough\intrin\arm">
      <UniqueIdentifier>{05f923f3-cf55-43e1-88d2-f9f7d6d1813c}</UniqueIdentifier>
    </Filter>
    <Filter Include="include\features\hough\intrin\x86">
      <UniqueIdentifier>{ac48e68c-3775-4911-aebc-5a344133fe95}</UniqueIdentifier>
    </Filter>
    <Filter Include="source\features\hough\intrin\x86">
      <UniqueIdentifier>{6bcd2ca9-b489-436e-891d-5aaa6dcc3c51}</UniqueIdentifier>
    </Filter>
    <Filter Include="source\features\hough\asm">
      <UniqueIdentifier>{2c1089bf-cb8f-4c16-9c89-bcb9a047984f}</UniqueIdentifier>
    </Filter>
    <Filter Include="source\features\hough\asm\arm">
      <UniqueIdentifier>{89eb1ce1-29b7-4c58-80c4-4255d2cbd9aa}</UniqueIdentifier>
    </Filter>
  </ItemGroup>
  <ItemGroup>
    <ClInclude Include="..\include\compv\core\compv_core.h">
      <Filter>include</Filter>
    </ClInclude>
    <ClInclude Include="..\include\compv\core\compv_core_common.h">
      <Filter>include</Filter>
    </ClInclude>
    <ClInclude Include="..\include\compv\core\compv_core_config.h">
      <Filter>include</Filter>
    </ClInclude>
    <ClInclude Include="..\include\compv\core\features\fast\compv_core_feature_fast_dete.h">
      <Filter>include\features\fast</Filter>
    </ClInclude>
    <ClInclude Include="..\include\compv\core\features\fast\intrin\x86\compv_core_feature_fast_dete_intrin_sse2.h">
      <Filter>include\features\fast\intrin\x86</Filter>
    </ClInclude>
    <ClInclude Include="..\include\compv\core\features\fast\intrin\x86\compv_core_feature_fast_dete_intrin_avx2.h">
      <Filter>include\features\fast\intrin\x86</Filter>
    </ClInclude>
    <ClInclude Include="..\include\compv\core\features\fast\intrin\arm\compv_core_feature_fast_dete_intrin_neon.h">
      <Filter>include\features\fast\intrin\arm</Filter>
    </ClInclude>
    <ClInclude Include="..\include\compv\core\calib\compv_core_calib_homography.h">
      <Filter>include\calib</Filter>
    </ClInclude>
    <ClInclude Include="..\include\compv\core\matchers\compv_core_matcher_flann.h">
      <Filter>include\matchers</Filter>
    </ClInclude>
    <ClInclude Include="..\include\compv\core\features\orb\compv_core_feature_orb_desc.h">
      <Filter>include\features\orb</Filter>
    </ClInclude>
    <ClInclude Include="..\include\compv\core\features\orb\compv_core_feature_orb_dete.h">
      <Filter>include\features\orb</Filter>
    </ClInclude>
    <ClInclude Include="..\include\compv\core\features\orb\intrin\x86\compv_core_feature_orb_desc_intrin_avx2.h">
      <Filter>include\features\orb\intrin\x86</Filter>
    </ClInclude>
    <ClInclude Include="..\include\compv\core\features\orb\intrin\x86\compv_core_feature_orb_desc_intrin_fma3_avx2.h">
      <Filter>include\features\orb\intrin\x86</Filter>
    </ClInclude>
    <ClInclude Include="..\include\compv\core\features\orb\intrin\x86\compv_core_feature_orb_desc_intrin_sse2.h">
      <Filter>include\features\orb\intrin\x86</Filter>
    </ClInclude>
    <ClInclude Include="..\include\compv\core\features\orb\intrin\x86\compv_core_feature_orb_desc_intrin_sse41.h">
      <Filter>include\features\orb\intrin\x86</Filter>
    </ClInclude>
    <ClInclude Include="..\include\compv\core\features\orb\intrin\arm\compv_core_feature_orb_desc_intrin_neon.h">
      <Filter>include\features\orb\intrin\arm</Filter>
    </ClInclude>
    <ClInclude Include="..\include\compv\core\features\edges\compv_core_feature_canny_dete.h">
      <Filter>include\features\edges</Filter>
    </ClInclude>
    <ClInclude Include="..\include\compv\core\features\edges\compv_core_feature_edge_dete.h">
      <Filter>include\features\edges</Filter>
    </ClInclude>
    <ClInclude Include="..\include\compv\core\features\edges\intrin\x86\compv_core_feature_canny_dete_intrin_avx2.h">
      <Filter>include\features\edges\intrin\x86</Filter>
    </ClInclude>
    <ClInclude Include="..\include\compv\core\features\edges\intrin\x86\compv_core_feature_canny_dete_intrin_sse2.h">
      <Filter>include\features\edges\intrin\x86</Filter>
    </ClInclude>
    <ClInclude Include="..\include\compv\core\features\edges\intrin\x86\compv_core_feature_canny_dete_intrin_ssse3.h">
      <Filter>include\features\edges\intrin\x86</Filter>
    </ClInclude>
    <ClInclude Include="..\include\compv\core\features\edges\intrin\arm\compv_core_feature_canny_dete_intrin_neon.h">
      <Filter>include\features\edges\intrin\arm</Filter>
    </ClInclude>
    <ClInclude Include="..\include\compv\core\features\hough\intrin\arm\compv_core_feature_houghsht_intrin_neon.h">
      <Filter>include\features\hough\intrin\arm</Filter>
    </ClInclude>
    <ClInclude Include="..\include\compv\core\features\hough\intrin\x86\compv_core_feature_houghsht_intrin_avx2.h">
      <Filter>include\features\hough\intrin\x86</Filter>
    </ClInclude>
    <ClInclude Include="..\include\compv\core\features\hough\intrin\x86\compv_core_feature_houghsht_intrin_sse2.h">
      <Filter>include\features\hough\intrin\x86</Filter>
    </ClInclude>
    <ClInclude Include="..\include\compv\core\features\hough\intrin\x86\compv_core_feature_houghsht_intrin_sse41.h">
      <Filter>include\features\hough\intrin\x86</Filter>
    </ClInclude>
    <ClInclude Include="..\include\compv\core\features\hough\compv_core_feature_houghkht.h">
      <Filter>include\features\hough</Filter>
    </ClInclude>
    <ClInclude Include="..\include\compv\core\features\hough\compv_core_feature_houghsht.h">
      <Filter>include\features\hough</Filter>
    </ClInclude>
    <ClInclude Include="..\include\compv\core\features\hough\intrin\x86\compv_core_feature_houghkht_intrin_avx2.h">
      <Filter>include\features\hough\intrin\x86</Filter>
    </ClInclude>
    <ClInclude Include="..\include\compv\core\features\hough\intrin\x86\compv_core_feature_houghkht_intrin_sse2.h">
      <Filter>include\features\hough\intrin\x86</Filter>
    </ClInclude>
    <ClInclude Include="..\include\compv\core\matchers\compv_core_matcher_bruteforce.h">
      <Filter>include\matchers</Filter>
    </ClInclude>
    <ClInclude Include="..\include\compv\core\features\hough\intrin\arm\compv_core_feature_houghkht_intrin_neon.h">
      <Filter>include\features\hough\intrin\arm</Filter>
    </ClInclude>
    <ClInclude Include="..\include\compv\core\features\hough\intrin\x86\compv_core_feature_houghkht_intrin_avx.h">
      <Filter>include\features\hough\intrin\x86</Filter>
    </ClInclude>
    <ClInclude Include="..\include\compv\core\calib\compv_core_calib_camera.h">
      <Filter>include\calib</Filter>
    </ClInclude>
    <ClInclude Include="..\include\compv\core\calib\compv_core_calib_utils.h">
      <Filter>include\calib</Filter>
    </ClInclude>
  </ItemGroup>
  <ItemGroup>
    <ClCompile Include="..\compv_core.cxx">
      <Filter>source</Filter>
    </ClCompile>
    <ClCompile Include="..\features\fast\compv_core_feature_fast_dete.cxx">
      <Filter>source\features\fast</Filter>
    </ClCompile>
    <ClCompile Include="..\features\fast\intrin\x86\compv_core_feature_fast_dete_intrin_sse2.cxx">
      <Filter>source\features\fast\intrin\x86</Filter>
    </ClCompile>
    <ClCompile Include="..\features\fast\intrin\x86\compv_core_feature_fast_dete_intrin_avx2.cxx">
      <Filter>source\features\fast\intrin\x86</Filter>
    </ClCompile>
    <ClCompile Include="..\features\fast\intrin\arm\compv_core_feature_fast_dete_intrin_neon.cxx">
      <Filter>source\features\fast\intrin\arm</Filter>
    </ClCompile>
    <ClCompile Include="..\calib\compv_core_calib_homography.cxx">
      <Filter>source\calib</Filter>
    </ClCompile>
    <ClCompile Include="..\matchers\compv_core_core_matcher_flann.cxx">
      <Filter>source\matchers</Filter>
    </ClCompile>
    <ClCompile Include="..\features\orb\compv_core_feature_orb_desc.cxx">
      <Filter>source\features\orb</Filter>
    </ClCompile>
    <ClCompile Include="..\features\orb\compv_core_feature_orb_dete.cxx">
      <Filter>source\features\orb</Filter>
    </ClCompile>
    <ClCompile Include="..\features\orb\intrin\x86\compv_core_feature_orb_desc_intrin_avx2.cxx">
      <Filter>source\features\orb\intrin\x86</Filter>
    </ClCompile>
    <ClCompile Include="..\features\orb\intrin\x86\compv_core_feature_orb_desc_intrin_fma3_avx2.cxx">
      <Filter>source\features\orb\intrin\x86</Filter>
    </ClCompile>
    <ClCompile Include="..\features\orb\intrin\x86\compv_core_feature_orb_desc_intrin_sse2.cxx">
      <Filter>source\features\orb\intrin\x86</Filter>
    </ClCompile>
    <ClCompile Include="..\features\orb\intrin\x86\compv_core_feature_orb_desc_intrin_sse41.cxx">
      <Filter>source\features\orb\intrin\x86</Filter>
    </ClCompile>
    <ClCompile Include="..\features\orb\intrin\arm\compv_core_feature_orb_desc_intrin_neon.cxx">
      <Filter>source\features\orb\intrin\arm</Filter>
    </ClCompile>
    <ClCompile Include="..\features\edges\compv_core_feature_canny_dete.cxx">
      <Filter>source\features\edges</Filter>
    </ClCompile>
    <ClCompile Include="..\features\edges\compv_core_feature_edge_dete.cxx">
      <Filter>source\features\edges</Filter>
    </ClCompile>
    <ClCompile Include="..\features\edges\intrin\x86\compv_core_feature_canny_dete_intrin_avx2.cxx">
      <Filter>source\features\edges\intrin\x86</Filter>
    </ClCompile>
    <ClCompile Include="..\features\edges\intrin\x86\compv_core_feature_canny_dete_intrin_sse2.cxx">
      <Filter>source\features\edges\intrin\x86</Filter>
    </ClCompile>
    <ClCompile Include="..\features\edges\intrin\x86\compv_core_feature_canny_dete_intrin_ssse3.cxx">
      <Filter>source\features\edges\intrin\x86</Filter>
    </ClCompile>
    <ClCompile Include="..\features\edges\intrin\arm\compv_core_feature_canny_dete_intrin_neon.cxx">
      <Filter>source\features\edges\intrin\arm</Filter>
    </ClCompile>
    <ClCompile Include="..\features\hough\intrin\arm\compv_core_feature_houghsht_intrin_neon.cxx">
      <Filter>source\features\hough\intrin\arm</Filter>
    </ClCompile>
    <ClCompile Include="..\features\hough\intrin\x86\compv_core_feature_houghsht_intrin_avx2.cxx">
      <Filter>source\features\hough\intrin\x86</Filter>
    </ClCompile>
    <ClCompile Include="..\features\hough\intrin\x86\compv_core_feature_houghsht_intrin_sse2.cxx">
      <Filter>source\features\hough\intrin\x86</Filter>
    </ClCompile>
    <ClCompile Include="..\features\hough\intrin\x86\compv_core_feature_houghsht_intrin_sse41.cxx">
      <Filter>source\features\hough\intrin\x86</Filter>
    </ClCompile>
    <ClCompile Include="..\features\hough\compv_core_feature_houghkht.cxx">
      <Filter>source\features\hough</Filter>
    </ClCompile>
    <ClCompile Include="..\features\hough\compv_core_feature_houghsht.cxx">
      <Filter>source\features\hough</Filter>
    </ClCompile>
    <ClCompile Include="..\features\hough\intrin\x86\compv_core_feature_houghkht_intrin_avx2.cxx">
      <Filter>source\features\hough\intrin\x86</Filter>
    </ClCompile>
    <ClCompile Include="..\features\hough\intrin\x86\compv_core_feature_houghkht_intrin_sse2.cxx">
      <Filter>source\features\hough\intrin\x86</Filter>
    </ClCompile>
    <ClCompile Include="..\matchers\compv_core_matcher_bruteforce.cxx">
      <Filter>source\matchers</Filter>
    </ClCompile>
    <ClCompile Include="..\features\hough\intrin\arm\compv_core_feature_houghkht_intrin_neon.cxx">
      <Filter>source\features\hough\intrin\arm</Filter>
    </ClCompile>
    <ClCompile Include="..\features\hough\intrin\x86\compv_core_feature_houghkht_intrin_avx.cxx">
      <Filter>source\features\hough\intrin\x86</Filter>
    </ClCompile>
    <ClCompile Include="..\calib\compv_core_calib_camera.cxx">
      <Filter>source\calib</Filter>
    </ClCompile>
    <ClCompile Include="..\calib\compv_core_calib_utils.cxx">
      <Filter>source\calib</Filter>
    </ClCompile>
  </ItemGroup>
  <ItemGroup>
    <None Include="..\features\fast\asm\x86\compv_core_feature_fast_dete_macros_x86_avx.s">
      <Filter>source\features\fast\asm\x86</Filter>
    </None>
    <None Include="..\features\fast\asm\x86\compv_core_feature_fast_dete_macros_x86_sse.s">
      <Filter>source\features\fast\asm\x86</Filter>
    </None>
    <None Include="..\features\fast\asm\x86\compv_core_feature_fast_dete_x64_avx.s">
      <Filter>source\features\fast\asm\x86</Filter>
    </None>
    <None Include="..\features\fast\asm\x86\compv_core_feature_fast_dete_x64_sse.s">
      <Filter>source\features\fast\asm\x86</Filter>
    </None>
    <None Include="..\features\fast\asm\x86\compv_core_feature_fast_dete_x86_avx.s">
      <Filter>source\features\fast\asm\x86</Filter>
    </None>
    <None Include="..\features\fast\asm\x86\compv_core_feature_fast_dete_x86_sse.s">
      <Filter>source\features\fast\asm\x86</Filter>
    </None>
    <None Include="..\features\edges\asm\x86\compv_core_feature_canny_dete_x64_avx.s">
      <Filter>source\features\edges\asm\x86</Filter>
    </None>
    <None Include="..\features\edges\asm\x86\compv_core_feature_canny_dete_x64_sse.s">
      <Filter>source\features\edges\asm\x86</Filter>
    </None>
    <None Include="..\features\edges\asm\x86\compv_core_feature_canny_dete_x86_avx.s">
      <Filter>source\features\edges\asm\x86</Filter>
    </None>
    <None Include="..\features\edges\asm\x86\compv_core_feature_canny_dete_x86_sse.s">
      <Filter>source\features\edges\asm\x86</Filter>
    </None>
  </ItemGroup>
  <ItemGroup>
    <GAS Include="..\features\fast\asm\arm\compv_core_feature_fast_dete_macros_neon.S">
      <Filter>source\features\fast\asm\arm</Filter>
    </GAS>
    <GAS Include="..\features\fast\asm\arm\compv_core_feature_fast_dete_arm32_neon.S">
      <Filter>source\features\fast\asm\arm</Filter>
    </GAS>
    <GAS Include="..\features\fast\asm\arm\compv_core_feature_fast_dete_arm64_neon.S">
      <Filter>source\features\fast\asm\arm</Filter>
    </GAS>
    <GAS Include="..\features\orb\asm\arm\compv_core_feature_orb_desc_arm32.S">
      <Filter>source\features\orb\asm\arm</Filter>
    </GAS>
    <GAS Include="..\features\orb\asm\arm\compv_core_feature_orb_desc_arm64.S">
      <Filter>source\features\orb\asm\arm</Filter>
    </GAS>
    <GAS Include="..\features\edges\asm\arm\compv_core_feature_canny_dete_arm32_neon.S">
      <Filter>source\features\edges\asm\arm</Filter>
    </GAS>
    <GAS Include="..\features\edges\asm\arm\compv_core_feature_canny_dete_arm64_neon.S">
      <Filter>source\features\edges\asm\arm</Filter>
    </GAS>
    <GAS Include="..\features\hough\asm\arm\compv_core_feature_houghkht_arm32.S">
      <Filter>source\features\hough\asm\arm</Filter>
    </GAS>
    <GAS Include="..\features\hough\asm\arm\compv_core_feature_houghkht_arm64.S">
      <Filter>source\features\hough\asm\arm</Filter>
    </GAS>
  </ItemGroup>
</Project>