// !$*UTF8*$!
{
	archiveVersion = 1;
	classes = {
	};
	objectVersion = 46;
	objects = {

/* Begin PBXBuildFile section */
		15B69BA11C96FC4500C513B3 /* border.cxx in Sources */ = {isa = PBXBuildFile; fileRef = 15B69B941C96FC4500C513B3 /* border.cxx */; };
		15B69BA21C96FC4500C513B3 /* conv.cxx in Sources */ = {isa = PBXBuildFile; fileRef = 15B69B951C96FC4500C513B3 /* conv.cxx */; };
		15B69BA31C96FC4500C513B3 /* fast.cxx in Sources */ = {isa = PBXBuildFile; fileRef = 15B69B961C96FC4500C513B3 /* fast.cxx */; };
		15B69BA41C96FC4500C513B3 /* image.cxx in Sources */ = {isa = PBXBuildFile; fileRef = 15B69B971C96FC4500C513B3 /* image.cxx */; };
		15B69BA51C96FC4500C513B3 /* orb.cxx in Sources */ = {isa = PBXBuildFile; fileRef = 15B69B9E1C96FC4500C513B3 /* orb.cxx */; };
		15B69BA61C96FC4500C513B3 /* pyramid.cxx in Sources */ = {isa = PBXBuildFile; fileRef = 15B69B9F1C96FC4500C513B3 /* pyramid.cxx */; };
		15B69BA71C96FC4500C513B3 /* scale.cxx in Sources */ = {isa = PBXBuildFile; fileRef = 15B69BA01C96FC4500C513B3 /* scale.cxx */; };
		15B69BAE1C96FE1200C513B3 /* libcompv.dylib in Frameworks */ = {isa = PBXBuildFile; fileRef = 15B69BAD1C96FE0900C513B3 /* libcompv.dylib */; };
/* End PBXBuildFile section */

/* Begin PBXContainerItemProxy section */
		15B69BAC1C96FE0900C513B3 /* PBXContainerItemProxy */ = {
			isa = PBXContainerItemProxy;
			containerPortal = 15B69BA81C96FE0900C513B3 /* compv.xcodeproj */;
			proxyType = 2;
			remoteGlobalIDString = 15B994B31C8C3B7F00BC90CB;
			remoteInfo = compv;
		};
		15B69BAF1C96FE1E00C513B3 /* PBXContainerItemProxy */ = {
			isa = PBXContainerItemProxy;
			containerPortal = 15B69BA81C96FE0900C513B3 /* compv.xcodeproj */;
			proxyType = 1;
			remoteGlobalIDString = 15B994B21C8C3B7F00BC90CB;
			remoteInfo = compv;
		};
/* End PBXContainerItemProxy section */

/* Begin PBXCopyFilesBuildPhase section */
		15B69B7A1C96FBA300C513B3 /* CopyFiles */ = {
			isa = PBXCopyFilesBuildPhase;
			buildActionMask = 2147483647;
			dstPath = /usr/share/man/man1/;
			dstSubfolderSpec = 0;
			files = (
			);
			runOnlyForDeploymentPostprocessing = 1;
		};
/* End PBXCopyFilesBuildPhase section */

/* Begin PBXFileReference section */
		15B69B7C1C96FBA300C513B3 /* image */ = {isa = PBXFileReference; explicitFileType = "compiled.mach-o.executable"; includeInIndex = 0; path = image; sourceTree = BUILT_PRODUCTS_DIR; };
		15B69B941C96FC4500C513B3 /* border.cxx */ = {isa = PBXFileReference; fileEncoding = 4; lastKnownFileType = sourcecode.cpp.cpp; path = border.cxx; sourceTree = "<group>"; };
		15B69B951C96FC4500C513B3 /* conv.cxx */ = {isa = PBXFileReference; fileEncoding = 4; lastKnownFileType = sourcecode.cpp.cpp; path = conv.cxx; sourceTree = "<group>"; };
		15B69B961C96FC4500C513B3 /* fast.cxx */ = {isa = PBXFileReference; fileEncoding = 4; lastKnownFileType = sourcecode.cpp.cpp; path = fast.cxx; sourceTree = "<group>"; };
		15B69B971C96FC4500C513B3 /* image.cxx */ = {isa = PBXFileReference; fileEncoding = 4; lastKnownFileType = sourcecode.cpp.cpp; path = image.cxx; sourceTree = "<group>"; };
		15B69B9E1C96FC4500C513B3 /* orb.cxx */ = {isa = PBXFileReference; fileEncoding = 4; lastKnownFileType = sourcecode.cpp.cpp; path = orb.cxx; sourceTree = "<group>"; };
		15B69B9F1C96FC4500C513B3 /* pyramid.cxx */ = {isa = PBXFileReference; fileEncoding = 4; lastKnownFileType = sourcecode.cpp.cpp; path = pyramid.cxx; sourceTree = "<group>"; };
		15B69BA01C96FC4500C513B3 /* scale.cxx */ = {isa = PBXFileReference; fileEncoding = 4; lastKnownFileType = sourcecode.cpp.cpp; path = scale.cxx; sourceTree = "<group>"; };
		15B69BA81C96FE0900C513B3 /* compv.xcodeproj */ = {isa = PBXFileReference; lastKnownFileType = "wrapper.pb-project"; name = compv.xcodeproj; path = ../../compv.xcodeproj; sourceTree = "<group>"; };
/* End PBXFileReference section */

/* Begin PBXFrameworksBuildPhase section */
		15B69B791C96FBA300C513B3 /* Frameworks */ = {
			isa = PBXFrameworksBuildPhase;
			buildActionMask = 2147483647;
			files = (
				15B69BAE1C96FE1200C513B3 /* libcompv.dylib in Frameworks */,
			);
			runOnlyForDeploymentPostprocessing = 0;
		};
/* End PBXFrameworksBuildPhase section */

/* Begin PBXGroup section */
		15B69B731C96FBA300C513B3 = {
			isa = PBXGroup;
			children = (
				15B69BA81C96FE0900C513B3 /* compv.xcodeproj */,
				15B69B931C96FC4500C513B3 /* image */,
				15B69B7D1C96FBA300C513B3 /* Products */,
			);
			sourceTree = "<group>";
		};
		15B69B7D1C96FBA300C513B3 /* Products */ = {
			isa = PBXGroup;
			children = (
				15B69B7C1C96FBA300C513B3 /* image */,
			);
			name = Products;
			sourceTree = "<group>";
		};
		15B69B931C96FC4500C513B3 /* image */ = {
			isa = PBXGroup;
			children = (
				15B69B941C96FC4500C513B3 /* border.cxx */,
				15B69B951C96FC4500C513B3 /* conv.cxx */,
				15B69B961C96FC4500C513B3 /* fast.cxx */,
				15B69B971C96FC4500C513B3 /* image.cxx */,
				15B69B9E1C96FC4500C513B3 /* orb.cxx */,
				15B69B9F1C96FC4500C513B3 /* pyramid.cxx */,
				15B69BA01C96FC4500C513B3 /* scale.cxx */,
			);
			name = image;
			sourceTree = "<group>";
		};
		15B69BA91C96FE0900C513B3 /* Products */ = {
			isa = PBXGroup;
			children = (
				15B69BAD1C96FE0900C513B3 /* libcompv.dylib */,
			);
			name = Products;
			sourceTree = "<group>";
		};
/* End PBXGroup section */

/* Begin PBXNativeTarget section */
		15B69B7B1C96FBA300C513B3 /* image */ = {
			isa = PBXNativeTarget;
			buildConfigurationList = 15B69B831C96FBA300C513B3 /* Build configuration list for PBXNativeTarget "image" */;
			buildPhases = (
				15B69B781C96FBA300C513B3 /* Sources */,
				15B69B791C96FBA300C513B3 /* Frameworks */,
				15B69B7A1C96FBA300C513B3 /* CopyFiles */,
			);
			buildRules = (
			);
			dependencies = (
				15B69BB01C96FE1E00C513B3 /* PBXTargetDependency */,
			);
			name = image;
			productName = image;
			productReference = 15B69B7C1C96FBA300C513B3 /* image */;
			productType = "com.apple.product-type.tool";
		};
/* End PBXNativeTarget section */

/* Begin PBXProject section */
		15B69B741C96FBA300C513B3 /* Project object */ = {
			isa = PBXProject;
			attributes = {
				LastUpgradeCheck = 0720;
				ORGANIZATIONNAME = "Doubango Telecom";
				TargetAttributes = {
					15B69B7B1C96FBA300C513B3 = {
						CreatedOnToolsVersion = 7.2.1;
					};
				};
			};
			buildConfigurationList = 15B69B771C96FBA300C513B3 /* Build configuration list for PBXProject "image" */;
			compatibilityVersion = "Xcode 3.2";
			developmentRegion = English;
			hasScannedForEncodings = 0;
			knownRegions = (
				en,
			);
			mainGroup = 15B69B731C96FBA300C513B3;
			productRefGroup = 15B69B7D1C96FBA300C513B3 /* Products */;
			projectDirPath = "";
			projectReferences = (
				{
					ProductGroup = 15B69BA91C96FE0900C513B3 /* Products */;
					ProjectRef = 15B69BA81C96FE0900C513B3 /* compv.xcodeproj */;
				},
			);
			projectRoot = "";
			targets = (
				15B69B7B1C96FBA300C513B3 /* image */,
			);
		};
/* End PBXProject section */

/* Begin PBXReferenceProxy section */
		15B69BAD1C96FE0900C513B3 /* libcompv.dylib */ = {
			isa = PBXReferenceProxy;
			fileType = "compiled.mach-o.dylib";
			path = libcompv.dylib;
			remoteRef = 15B69BAC1C96FE0900C513B3 /* PBXContainerItemProxy */;
			sourceTree = BUILT_PRODUCTS_DIR;
		};
/* End PBXReferenceProxy section */

/* Begin PBXSourcesBuildPhase section */
		15B69B781C96FBA300C513B3 /* Sources */ = {
			isa = PBXSourcesBuildPhase;
			buildActionMask = 2147483647;
			files = (
				15B69BA71C96FC4500C513B3 /* scale.cxx in Sources */,
				15B69BA61C96FC4500C513B3 /* pyramid.cxx in Sources */,
				15B69BA11C96FC4500C513B3 /* border.cxx in Sources */,
				15B69BA51C96FC4500C513B3 /* orb.cxx in Sources */,
				15B69BA41C96FC4500C513B3 /* image.cxx in Sources */,
				15B69BA21C96FC4500C513B3 /* conv.cxx in Sources */,
				15B69BA31C96FC4500C513B3 /* fast.cxx in Sources */,
			);
			runOnlyForDeploymentPostprocessing = 0;
		};
/* End PBXSourcesBuildPhase section */

/* Begin PBXTargetDependency section */
		15B69BB01C96FE1E00C513B3 /* PBXTargetDependency */ = {
			isa = PBXTargetDependency;
			name = compv;
			targetProxy = 15B69BAF1C96FE1E00C513B3 /* PBXContainerItemProxy */;
		};
/* End PBXTargetDependency section */

/* Begin XCBuildConfiguration section */
		15B69B811C96FBA300C513B3 /* Debug */ = {
			isa = XCBuildConfiguration;
			buildSettings = {
				ALWAYS_SEARCH_USER_PATHS = NO;
				CLANG_ENABLE_MODULES = YES;
				CLANG_ENABLE_OBJC_ARC = YES;
				CLANG_WARN_BOOL_CONVERSION = YES;
				CLANG_WARN_CONSTANT_CONVERSION = YES;
				CLANG_WARN_DIRECT_OBJC_ISA_USAGE = YES_ERROR;
				CLANG_WARN_EMPTY_BODY = YES;
				CLANG_WARN_ENUM_CONVERSION = YES;
				CLANG_WARN_INT_CONVERSION = YES;
				CLANG_WARN_OBJC_ROOT_CLASS = YES_ERROR;
				CLANG_WARN_UNREACHABLE_CODE = YES;
				CLANG_WARN__DUPLICATE_METHOD_MATCH = YES;
				CODE_SIGN_IDENTITY = "-";
				COPY_PHASE_STRIP = NO;
				DEBUG_INFORMATION_FORMAT = dwarf;
				ENABLE_STRICT_OBJC_MSGSEND = YES;
				ENABLE_TESTABILITY = YES;
				GCC_C_LANGUAGE_STANDARD = gnu99;
				GCC_DYNAMIC_NO_PIC = NO;
				GCC_NO_COMMON_BLOCKS = YES;
				GCC_OPTIMIZATION_LEVEL = 0;
				GCC_PREPROCESSOR_DEFINITIONS = (
					"DEBUG=1",
					"$(inherited)",
				);
				GCC_WARN_64_TO_32_BIT_CONVERSION = YES;
				GCC_WARN_ABOUT_RETURN_TYPE = YES_ERROR;
				GCC_WARN_UNDECLARED_SELECTOR = YES;
				GCC_WARN_UNINITIALIZED_AUTOS = YES_AGGRESSIVE;
				GCC_WARN_UNUSED_FUNCTION = YES;
				GCC_WARN_UNUSED_VARIABLE = YES;
				HEADER_SEARCH_PATHS = ../../include;
				MACOSX_DEPLOYMENT_TARGET = 10.4;
				MTL_ENABLE_DEBUG_INFO = YES;
				ONLY_ACTIVE_ARCH = YES;
			};
			name = Debug;
		};
		15B69B821C96FBA300C513B3 /* Release */ = {
			isa = XCBuildConfiguration;
			buildSettings = {
				ALWAYS_SEARCH_USER_PATHS = NO;
				CLANG_ENABLE_MODULES = YES;
				CLANG_ENABLE_OBJC_ARC = YES;
				CLANG_WARN_BOOL_CONVERSION = YES;
				CLANG_WARN_CONSTANT_CONVERSION = YES;
				CLANG_WARN_DIRECT_OBJC_ISA_USAGE = YES_ERROR;
				CLANG_WARN_EMPTY_BODY = YES;
				CLANG_WARN_ENUM_CONVERSION = YES;
				CLANG_WARN_INT_CONVERSION = YES;
				CLANG_WARN_OBJC_ROOT_CLASS = YES_ERROR;
				CLANG_WARN_UNREACHABLE_CODE = YES;
				CLANG_WARN__DUPLICATE_METHOD_MATCH = YES;
				CODE_SIGN_IDENTITY = "-";
				COPY_PHASE_STRIP = NO;
				DEBUG_INFORMATION_FORMAT = "dwarf-with-dsym";
				ENABLE_NS_ASSERTIONS = NO;
				ENABLE_STRICT_OBJC_MSGSEND = YES;
				GCC_C_LANGUAGE_STANDARD = gnu99;
				GCC_NO_COMMON_BLOCKS = YES;
				GCC_WARN_64_TO_32_BIT_CONVERSION = YES;
				GCC_WARN_ABOUT_RETURN_TYPE = YES_ERROR;
				GCC_WARN_UNDECLARED_SELECTOR = YES;
				GCC_WARN_UNINITIALIZED_AUTOS = YES_AGGRESSIVE;
				GCC_WARN_UNUSED_FUNCTION = YES;
				GCC_WARN_UNUSED_VARIABLE = YES;
				HEADER_SEARCH_PATHS = ../../include;
				MACOSX_DEPLOYMENT_TARGET = 10.4;
				MTL_ENABLE_DEBUG_INFO = NO;
			};
			name = Release;
		};
		15B69B841C96FBA300C513B3 /* Debug */ = {
			isa = XCBuildConfiguration;
			buildSettings = {
				PRODUCT_NAME = "$(TARGET_NAME)";
			};
			name = Debug;
		};
		15B69B851C96FBA300C513B3 /* Release */ = {
			isa = XCBuildConfiguration;
			buildSettings = {
				PRODUCT_NAME = "$(TARGET_NAME)";
			};
			name = Release;
		};
/* End XCBuildConfiguration section */

/* Begin XCConfigurationList section */
		15B69B771C96FBA300C513B3 /* Build configuration list for PBXProject "image" */ = {
			isa = XCConfigurationList;
			buildConfigurations = (
				15B69B811C96FBA300C513B3 /* Debug */,
				15B69B821C96FBA300C513B3 /* Release */,
			);
			defaultConfigurationIsVisible = 0;
			defaultConfigurationName = Release;
		};
		15B69B831C96FBA300C513B3 /* Build configuration list for PBXNativeTarget "image" */ = {
			isa = XCConfigurationList;
			buildConfigurations = (
				15B69B841C96FBA300C513B3 /* Debug */,
				15B69B851C96FBA300C513B3 /* Release */,
			);
			defaultConfigurationIsVisible = 0;
			defaultConfigurationName = Release;
		};
/* End XCConfigurationList section */
	};
	rootObject = 15B69B741C96FBA300C513B3 /* Project object */;
}
