<?xml version="1.0" encoding="utf-8"?>
<Project ToolsVersion="4.0" xmlns="http://schemas.microsoft.com/developer/msbuild/2003">
  <ItemGroup>
    <Filter Include="source">
      <UniqueIdentifier>{e33988d4-2380-46a7-9929-fdcd82d91760}</UniqueIdentifier>
    </Filter>
    <Filter Include="include">
      <UniqueIdentifier>{68649b21-1fee-4464-93d3-114f6cea890b}</UniqueIdentifier>
    </Filter>
    <Filter Include="source\asm">
      <UniqueIdentifier>{5bdfc0b5-1aab-4c3e-8a2b-a446760d9a33}</UniqueIdentifier>
    </Filter>
    <Filter Include="source\drawing">
      <UniqueIdentifier>{4256f5d0-a239-4d23-9ea6-1210d762084d}</UniqueIdentifier>
    </Filter>
    <Filter Include="source\intrin">
      <UniqueIdentifier>{50977fd6-5ea8-4b82-9c5a-9ae97ffe15df}</UniqueIdentifier>
    </Filter>
    <Filter Include="source\math">
      <UniqueIdentifier>{f006d30c-707d-4aca-ae4e-917c8b28062b}</UniqueIdentifier>
    </Filter>
    <Filter Include="source\parallel">
      <UniqueIdentifier>{a3ae111c-9712-4751-ba30-e12153e197d0}</UniqueIdentifier>
    </Filter>
    <Filter Include="source\time">
      <UniqueIdentifier>{be05c65d-ea34-4773-9fc0-2d78e2b5e05b}</UniqueIdentifier>
    </Filter>
    <Filter Include="include\drawing">
      <UniqueIdentifier>{9c6dbc48-b8b3-434e-8346-820fe159dbcf}</UniqueIdentifier>
    </Filter>
    <Filter Include="source\asm\x86">
      <UniqueIdentifier>{35c41f82-3802-4f20-9464-a777f663b637}</UniqueIdentifier>
    </Filter>
    <Filter Include="include\intrin">
      <UniqueIdentifier>{926832bf-e329-4bdf-944c-25b6b08d436e}</UniqueIdentifier>
    </Filter>
    <Filter Include="source\intrin\x86">
      <UniqueIdentifier>{7ea73575-f896-49cb-840a-ef004c6eeda9}</UniqueIdentifier>
    </Filter>
    <Filter Include="include\intrin\x86">
      <UniqueIdentifier>{e27e0ddb-ff8e-4602-8eaa-f49b45db1bcc}</UniqueIdentifier>
    </Filter>
    <Filter Include="include\math">
      <UniqueIdentifier>{0ebef3a8-ef4f-4be4-9518-85d94dcfc2cc}</UniqueIdentifier>
    </Filter>
    <Filter Include="include\time">
      <UniqueIdentifier>{48ba7540-8a3b-424e-80c8-394965091830}</UniqueIdentifier>
    </Filter>
    <Filter Include="include\parallel">
      <UniqueIdentifier>{fe43565a-c942-4ba7-b62f-29ee128409c5}</UniqueIdentifier>
    </Filter>
    <Filter Include="source\math\asm">
      <UniqueIdentifier>{a0f6ccff-eab7-4105-ae03-dcbe45078f02}</UniqueIdentifier>
    </Filter>
    <Filter Include="source\math\intrin">
      <UniqueIdentifier>{ca644d42-16dc-47bd-8265-a024d623617c}</UniqueIdentifier>
    </Filter>
    <Filter Include="source\math\asm\x86">
      <UniqueIdentifier>{35ea152e-f376-470d-be41-7e5637c10eb9}</UniqueIdentifier>
    </Filter>
    <Filter Include="source\math\intrin\x86">
      <UniqueIdentifier>{0f3d433c-fcc4-4476-bc54-d41304bfd606}</UniqueIdentifier>
    </Filter>
    <Filter Include="source\image">
      <UniqueIdentifier>{5e89bbb6-5710-4f53-a476-69aa6464cf72}</UniqueIdentifier>
    </Filter>
    <Filter Include="include\image">
      <UniqueIdentifier>{c93c8346-77d6-4ef0-9b53-a7d9d19b4cdd}</UniqueIdentifier>
    </Filter>
    <Filter Include="include\math\intrin">
      <UniqueIdentifier>{511da227-f0fe-47f2-8766-0f8d555c1eea}</UniqueIdentifier>
    </Filter>
    <Filter Include="include\math\intrin\x86">
      <UniqueIdentifier>{31c07c08-b20a-441b-8bd2-dbbd77d42372}</UniqueIdentifier>
    </Filter>
    <Filter Include="source\android">
      <UniqueIdentifier>{9fce1944-e3a9-4dbb-bb7c-d5f436fcdd9c}</UniqueIdentifier>
    </Filter>
    <Filter Include="include\android">
      <UniqueIdentifier>{95ef86dc-bc6a-4bc4-9930-665140ef0e02}</UniqueIdentifier>
    </Filter>
  </ItemGroup>
  <ItemGroup>
    <ClCompile Include="$(MSBuildThisFileDirectory)compv_base.cxx">
      <Filter>source</Filter>
    </ClCompile>
    <ClCompile Include="$(MSBuildThisFileDirectory)compv_bind.cxx">
      <Filter>source</Filter>
    </ClCompile>
    <ClCompile Include="$(MSBuildThisFileDirectory)compv_buffer.cxx">
      <Filter>source</Filter>
    </ClCompile>
    <ClCompile Include="$(MSBuildThisFileDirectory)compv_common.cxx">
      <Filter>source</Filter>
    </ClCompile>
    <ClCompile Include="$(MSBuildThisFileDirectory)compv_cpu.cxx">
      <Filter>source</Filter>
    </ClCompile>
    <ClCompile Include="$(MSBuildThisFileDirectory)compv_debug.cxx">
      <Filter>source</Filter>
    </ClCompile>
    <ClCompile Include="$(MSBuildThisFileDirectory)compv_fileutils.cxx">
      <Filter>source</Filter>
    </ClCompile>
    <ClCompile Include="$(MSBuildThisFileDirectory)compv_jni.cxx">
      <Filter>source</Filter>
    </ClCompile>
    <ClCompile Include="$(MSBuildThisFileDirectory)compv_lock.cxx">
      <Filter>source</Filter>
    </ClCompile>
    <ClCompile Include="$(MSBuildThisFileDirectory)compv_mat.cxx">
      <Filter>source</Filter>
    </ClCompile>
    <ClCompile Include="$(MSBuildThisFileDirectory)compv_md5.cxx">
      <Filter>source</Filter>
    </ClCompile>
    <ClCompile Include="$(MSBuildThisFileDirectory)compv_mem.cxx">
      <Filter>source</Filter>
    </ClCompile>
    <ClCompile Include="$(MSBuildThisFileDirectory)compv_obj.cxx">
      <Filter>source</Filter>
    </ClCompile>
    <ClCompile Include="$(MSBuildThisFileDirectory)compv_sharedlib.cxx">
      <Filter>source</Filter>
    </ClCompile>
    <ClCompile Include="$(MSBuildThisFileDirectory)compv_simd_globals.cxx">
      <Filter>source</Filter>
    </ClCompile>
    <ClCompile Include="$(MSBuildThisFileDirectory)parallel\compv_asynctask.cxx">
      <Filter>source\parallel</Filter>
    </ClCompile>
    <ClCompile Include="$(MSBuildThisFileDirectory)parallel\compv_asynctask11.cxx">
      <Filter>source\parallel</Filter>
    </ClCompile>
    <ClCompile Include="$(MSBuildThisFileDirectory)parallel\compv_condvar.cxx">
      <Filter>source\parallel</Filter>
    </ClCompile>
    <ClCompile Include="$(MSBuildThisFileDirectory)parallel\compv_mutex.cxx">
      <Filter>source\parallel</Filter>
    </ClCompile>
    <ClCompile Include="$(MSBuildThisFileDirectory)parallel\compv_parallel.cxx">
      <Filter>source\parallel</Filter>
    </ClCompile>
    <ClCompile Include="$(MSBuildThisFileDirectory)parallel\compv_semaphore.cxx">
      <Filter>source\parallel</Filter>
    </ClCompile>
    <ClCompile Include="$(MSBuildThisFileDirectory)parallel\compv_thread.cxx">
      <Filter>source\parallel</Filter>
    </ClCompile>
    <ClCompile Include="$(MSBuildThisFileDirectory)parallel\compv_threaddisp.cxx">
      <Filter>source\parallel</Filter>
    </ClCompile>
    <ClCompile Include="$(MSBuildThisFileDirectory)parallel\compv_threaddisp11.cxx">
      <Filter>source\parallel</Filter>
    </ClCompile>
    <ClCompile Include="$(MSBuildThisFileDirectory)time\compv_time.cxx">
      <Filter>source\time</Filter>
    </ClCompile>
    <ClCompile Include="$(MSBuildThisFileDirectory)time\compv_timer.cxx">
      <Filter>source\time</Filter>
    </ClCompile>
    <ClCompile Include="$(MSBuildThisFileDirectory)math\compv_math.cxx">
      <Filter>source\math</Filter>
    </ClCompile>
    <ClCompile Include="$(MSBuildThisFileDirectory)math\compv_math_utils.cxx">
      <Filter>source\math</Filter>
    </ClCompile>
    <ClCompile Include="$(MSBuildThisFileDirectory)math\intrin\x86\compv_math_utils_intrin_avx2.cxx">
      <Filter>source\math\intrin\x86</Filter>
    </ClCompile>
    <ClCompile Include="$(MSBuildThisFileDirectory)math\intrin\x86\compv_math_utils_intrin_sse2.cxx">
      <Filter>source\math\intrin\x86</Filter>
    </ClCompile>
    <ClCompile Include="$(MSBuildThisFileDirectory)math\intrin\x86\compv_math_utils_intrin_ssse3.cxx">
      <Filter>source\math\intrin\x86</Filter>
    </ClCompile>
    <ClCompile Include="$(MSBuildThisFileDirectory)intrin\x86\compv_mem_intrin_avx.cxx">
      <Filter>source\intrin\x86</Filter>
    </ClCompile>
    <ClCompile Include="$(MSBuildThisFileDirectory)intrin\x86\compv_mem_intrin_sse2.cxx">
      <Filter>source\intrin\x86</Filter>
    </ClCompile>
    <ClCompile Include="$(MSBuildThisFileDirectory)image\compv_image.cxx">
      <Filter>source\image</Filter>
    </ClCompile>
    <ClCompile Include="$(MSBuildThisFileDirectory)image\compv_image_decoder.cxx">
      <Filter>source\image</Filter>
    </ClCompile>
    <ClCompile Include="$(MSBuildThisFileDirectory)image\compv_image_utils.cxx">
      <Filter>source\image</Filter>
    </ClCompile>
    <ClCompile Include="$(MSBuildThisFileDirectory)drawing\compv_canvas.cxx">
      <Filter>source\drawing</Filter>
    </ClCompile>
    <ClCompile Include="$(MSBuildThisFileDirectory)drawing\compv_mvp.cxx">
      <Filter>source\drawing</Filter>
    </ClCompile>
    <ClCompile Include="$(MSBuildThisFileDirectory)drawing\compv_renderer.cxx">
      <Filter>source\drawing</Filter>
    </ClCompile>
    <ClCompile Include="$(MSBuildThisFileDirectory)drawing\compv_surface.cxx">
      <Filter>source\drawing</Filter>
    </ClCompile>
    <ClCompile Include="$(MSBuildThisFileDirectory)drawing\compv_surfacelayer.cxx">
      <Filter>source\drawing</Filter>
    </ClCompile>
    <ClCompile Include="$(MSBuildThisFileDirectory)drawing\compv_surfacelayer_matching.cxx">
      <Filter>source\drawing</Filter>
    </ClCompile>
    <ClCompile Include="$(MSBuildThisFileDirectory)drawing\compv_surfacelayer_multi.cxx">
      <Filter>source\drawing</Filter>
    </ClCompile>
    <ClCompile Include="$(MSBuildThisFileDirectory)drawing\compv_surfacelayer_single.cxx">
      <Filter>source\drawing</Filter>
    </ClCompile>
    <ClCompile Include="$(MSBuildThisFileDirectory)drawing\compv_viewport.cxx">
      <Filter>source\drawing</Filter>
    </ClCompile>
    <ClCompile Include="$(MSBuildThisFileDirectory)drawing\compv_window.cxx">
      <Filter>source\drawing</Filter>
    </ClCompile>
    <ClCompile Include="$(MSBuildThisFileDirectory)drawing\compv_window_registry.cxx">
      <Filter>source\drawing</Filter>
    </ClCompile>
    <ClCompile Include="$(MSBuildThisFileDirectory)android\compv_android_cpu-features.cxx">
      <Filter>source\android</Filter>
    </ClCompile>
    <ClCompile Include="$(MSBuildThisFileDirectory)android\compv_android_native_activity.cxx">
      <Filter>source\android</Filter>
    </ClCompile>
  </ItemGroup>
  <ItemGroup>
    <ClInclude Include="$(MSBuildThisFileDirectory)include\compv\base\compv_base.h">
      <Filter>include</Filter>
    </ClInclude>
    <ClInclude Include="$(MSBuildThisFileDirectory)include\compv\base\compv_bind.h">
      <Filter>include</Filter>
    </ClInclude>
    <ClInclude Include="$(MSBuildThisFileDirectory)include\compv\base\compv_buffer.h">
      <Filter>include</Filter>
    </ClInclude>
    <ClInclude Include="$(MSBuildThisFileDirectory)include\compv\base\compv_common.h">
      <Filter>include</Filter>
    </ClInclude>
    <ClInclude Include="$(MSBuildThisFileDirectory)include\compv\base\compv_config.h">
      <Filter>include</Filter>
    </ClInclude>
    <ClInclude Include="$(MSBuildThisFileDirectory)include\compv\base\compv_cpu.h">
      <Filter>include</Filter>
    </ClInclude>
    <ClInclude Include="$(MSBuildThisFileDirectory)include\compv\base\compv_debug.h">
      <Filter>include</Filter>
    </ClInclude>
    <ClInclude Include="$(MSBuildThisFileDirectory)include\compv\base\compv_errno.h">
      <Filter>include</Filter>
    </ClInclude>
    <ClInclude Include="$(MSBuildThisFileDirectory)include\compv\base\compv_fileutils.h">
      <Filter>include</Filter>
    </ClInclude>
    <ClInclude Include="$(MSBuildThisFileDirectory)include\compv\base\compv_jni.h">
      <Filter>include</Filter>
    </ClInclude>
    <ClInclude Include="$(MSBuildThisFileDirectory)include\compv\base\compv_lock.h">
      <Filter>include</Filter>
    </ClInclude>
    <ClInclude Include="$(MSBuildThisFileDirectory)include\compv\base\compv_mat.h">
      <Filter>include</Filter>
    </ClInclude>
    <ClInclude Include="$(MSBuildThisFileDirectory)include\compv\base\compv_md5.h">
      <Filter>include</Filter>
    </ClInclude>
    <ClInclude Include="$(MSBuildThisFileDirectory)include\compv\base\compv_mem.h">
      <Filter>include</Filter>
    </ClInclude>
    <ClInclude Include="$(MSBuildThisFileDirectory)include\compv\base\compv_obj.h">
      <Filter>include</Filter>
    </ClInclude>
    <ClInclude Include="$(MSBuildThisFileDirectory)include\compv\base\compv_sharedlib.h">
      <Filter>include</Filter>
    </ClInclude>
    <ClInclude Include="$(MSBuildThisFileDirectory)include\compv\base\compv_simd_globals.h">
      <Filter>include</Filter>
    </ClInclude>
    <ClInclude Include="$(MSBuildThisFileDirectory)include\compv\base\drawing\compv_canvas.h">
      <Filter>include\drawing</Filter>
    </ClInclude>
    <ClInclude Include="$(MSBuildThisFileDirectory)include\compv\base\drawing\compv_mvp.h">
      <Filter>include\drawing</Filter>
    </ClInclude>
    <ClInclude Include="$(MSBuildThisFileDirectory)include\compv\base\drawing\compv_renderer.h">
      <Filter>include\drawing</Filter>
    </ClInclude>
    <ClInclude Include="$(MSBuildThisFileDirectory)include\compv\base\drawing\compv_surface.h">
      <Filter>include\drawing</Filter>
    </ClInclude>
    <ClInclude Include="$(MSBuildThisFileDirectory)include\compv\base\drawing\compv_surfacelayer.h">
      <Filter>include\drawing</Filter>
    </ClInclude>
    <ClInclude Include="$(MSBuildThisFileDirectory)include\compv\base\drawing\compv_surfacelayer_matching.h">
      <Filter>include\drawing</Filter>
    </ClInclude>
    <ClInclude Include="$(MSBuildThisFileDirectory)include\compv\base\drawing\compv_surfacelayer_multi.h">
      <Filter>include\drawing</Filter>
    </ClInclude>
    <ClInclude Include="$(MSBuildThisFileDirectory)include\compv\base\drawing\compv_surfacelayer_single.h">
      <Filter>include\drawing</Filter>
    </ClInclude>
    <ClInclude Include="$(MSBuildThisFileDirectory)include\compv\base\drawing\compv_viewport.h">
      <Filter>include\drawing</Filter>
    </ClInclude>
    <ClInclude Include="$(MSBuildThisFileDirectory)include\compv\base\drawing\compv_window.h">
      <Filter>include\drawing</Filter>
    </ClInclude>
    <ClInclude Include="$(MSBuildThisFileDirectory)include\compv\base\drawing\compv_window_registry.h">
      <Filter>include\drawing</Filter>
    </ClInclude>
    <ClInclude Include="$(MSBuildThisFileDirectory)include\compv\base\intrin\x86\compv_intrin_avx.h">
      <Filter>include\intrin\x86</Filter>
    </ClInclude>
    <ClInclude Include="$(MSBuildThisFileDirectory)include\compv\base\intrin\x86\compv_intrin_sse.h">
      <Filter>include\intrin\x86</Filter>
    </ClInclude>
    <ClInclude Include="$(MSBuildThisFileDirectory)include\compv\base\intrin\x86\compv_mem_intrin_avx.h">
      <Filter>include\intrin\x86</Filter>
    </ClInclude>
    <ClInclude Include="$(MSBuildThisFileDirectory)include\compv\base\intrin\x86\compv_mem_intrin_sse2.h">
      <Filter>include\intrin\x86</Filter>
    </ClInclude>
    <ClInclude Include="$(MSBuildThisFileDirectory)include\compv\base\math\compv_math.h">
      <Filter>include\math</Filter>
    </ClInclude>
    <ClInclude Include="$(MSBuildThisFileDirectory)include\compv\base\math\compv_math_utils.h">
      <Filter>include\math</Filter>
    </ClInclude>
    <ClInclude Include="$(MSBuildThisFileDirectory)include\compv\base\math\intrin\x86\compv_math_utils_intrin_avx2.h">
      <Filter>include\math\intrin\x86</Filter>
    </ClInclude>
    <ClInclude Include="$(MSBuildThisFileDirectory)include\compv\base\math\intrin\x86\compv_math_utils_intrin_sse2.h">
      <Filter>include\math\intrin\x86</Filter>
    </ClInclude>
    <ClInclude Include="$(MSBuildThisFileDirectory)include\compv\base\math\intrin\x86\compv_math_utils_intrin_ssse3.h">
      <Filter>include\math\intrin\x86</Filter>
    </ClInclude>
    <ClInclude Include="$(MSBuildThisFileDirectory)include\compv\base\image\compv_image.h">
      <Filter>include\image</Filter>
    </ClInclude>
    <ClInclude Include="$(MSBuildThisFileDirectory)include\compv\base\image\compv_image_decoder.h">
      <Filter>include\image</Filter>
    </ClInclude>
    <ClInclude Include="$(MSBuildThisFileDirectory)include\compv\base\image\compv_image_utils.h">
      <Filter>include\image</Filter>
    </ClInclude>
    <ClInclude Include="$(MSBuildThisFileDirectory)include\compv\base\parallel\compv_asynctask.h">
      <Filter>include\parallel</Filter>
    </ClInclude>
    <ClInclude Include="$(MSBuildThisFileDirectory)include\compv\base\parallel\compv_asynctask11.h">
      <Filter>include\parallel</Filter>
    </ClInclude>
    <ClInclude Include="$(MSBuildThisFileDirectory)include\compv\base\parallel\compv_condvar.h">
      <Filter>include\parallel</Filter>
    </ClInclude>
    <ClInclude Include="$(MSBuildThisFileDirectory)include\compv\base\parallel\compv_mutex.h">
      <Filter>include\parallel</Filter>
    </ClInclude>
    <ClInclude Include="$(MSBuildThisFileDirectory)include\compv\base\parallel\compv_parallel.h">
      <Filter>include\parallel</Filter>
    </ClInclude>
    <ClInclude Include="$(MSBuildThisFileDirectory)include\compv\base\parallel\compv_semaphore.h">
      <Filter>include\parallel</Filter>
    </ClInclude>
    <ClInclude Include="$(MSBuildThisFileDirectory)include\compv\base\parallel\compv_thread.h">
      <Filter>include\parallel</Filter>
    </ClInclude>
    <ClInclude Include="$(MSBuildThisFileDirectory)include\compv\base\parallel\compv_threaddisp.h">
      <Filter>include\parallel</Filter>
    </ClInclude>
    <ClInclude Include="$(MSBuildThisFileDirectory)include\compv\base\parallel\compv_threaddisp11.h">
      <Filter>include\parallel</Filter>
    </ClInclude>
    <ClInclude Include="$(MSBuildThisFileDirectory)include\compv\base\time\compv_time.h">
      <Filter>include\time</Filter>
    </ClInclude>
    <ClInclude Include="$(MSBuildThisFileDirectory)include\compv\base\time\compv_timer.h">
      <Filter>include\time</Filter>
    </ClInclude>
    <ClInclude Include="$(MSBuildThisFileDirectory)include\compv\base\android\compv_android_cpu-features.h">
      <Filter>include\android</Filter>
    </ClInclude>
    <ClInclude Include="$(MSBuildThisFileDirectory)include\compv\base\android\compv_android_fileutils.h">
      <Filter>include\android</Filter>
    </ClInclude>
    <ClInclude Include="$(MSBuildThisFileDirectory)include\compv\base\android\compv_android_native_activity.h">
      <Filter>include\android</Filter>
    </ClInclude>
  </ItemGroup>
  <ItemGroup>
    <None Include="$(MSBuildThisFileDirectory)asm\x86\compv_bits_macros_x86.s">
      <Filter>source\asm\x86</Filter>
    </None>
    <None Include="$(MSBuildThisFileDirectory)asm\x86\compv_bits_x86.s">
      <Filter>source\asm\x86</Filter>
    </None>
    <None Include="$(MSBuildThisFileDirectory)asm\x86\compv_common_x86.s">
      <Filter>source\asm\x86</Filter>
    </None>
    <None Include="$(MSBuildThisFileDirectory)asm\x86\compv_mem_x64.s">
      <Filter>source\asm\x86</Filter>
    </None>
    <None Include="$(MSBuildThisFileDirectory)asm\x86\compv_mem_x64_avx.s">
      <Filter>source\asm\x86</Filter>
    </None>
    <None Include="$(MSBuildThisFileDirectory)asm\x86\compv_mem_x64_sse.s">
      <Filter>source\asm\x86</Filter>
    </None>
    <None Include="$(MSBuildThisFileDirectory)asm\x86\compv_mem_x86.s">
      <Filter>source\asm\x86</Filter>
    </None>
    <None Include="$(MSBuildThisFileDirectory)asm\x86\compv_mem_x86_avx.s">
      <Filter>source\asm\x86</Filter>
    </None>
    <None Include="$(MSBuildThisFileDirectory)asm\x86\compv_mem_x86_sse.s">
      <Filter>source\asm\x86</Filter>
    </None>
    <None Include="$(MSBuildThisFileDirectory)asm\x86\compv_utils_x86.s">
      <Filter>source\asm\x86</Filter>
    </None>
    <None Include="$(MSBuildThisFileDirectory)math\asm\x86\compv_math_macros_x86.s">
      <Filter>source\math\asm\x86</Filter>
    </None>
    <None Include="$(MSBuildThisFileDirectory)math\asm\x86\compv_math_utils_x86.s">
      <Filter>source\math\asm\x86</Filter>
    </None>
    <None Include="$(MSBuildThisFileDirectory)math\asm\x86\compv_math_utils_x86_avx.s">
      <Filter>source\math\asm\x86</Filter>
    </None>
    <None Include="$(MSBuildThisFileDirectory)math\asm\x86\compv_math_utils_x86_sse.s">
      <Filter>source\math\asm\x86</Filter>
    </None>
  </ItemGroup>
</Project>