<?xml version="1.0" encoding="utf-8"?>
<Project ToolsVersion="4.0" xmlns="http://schemas.microsoft.com/developer/msbuild/2003">
  <ItemGroup>
    <Filter Include="include">
      <UniqueIdentifier>{bc524e47-f2e4-4144-bdbc-f59634a001d1}</UniqueIdentifier>
    </Filter>
    <Filter Include="source">
      <UniqueIdentifier>{20fea2d0-a1d5-484f-88a8-31d48d0c2ca8}</UniqueIdentifier>
    </Filter>
    <Filter Include="source\drawing">
      <UniqueIdentifier>{99528ae4-88ea-423f-9f5a-07c618294045}</UniqueIdentifier>
    </Filter>
    <Filter Include="include\drawing">
      <UniqueIdentifier>{457130ef-3ca1-4ef9-8a8e-397d6c765569}</UniqueIdentifier>
    </Filter>
  </ItemGroup>
  <ItemGroup>
    <ClInclude Include="..\include\compv\gl\compv_gl.h">
      <Filter>include</Filter>
    </ClInclude>
    <ClInclude Include="..\include\compv\gl\compv_gl_blitter.h">
      <Filter>include</Filter>
    </ClInclude>
    <ClInclude Include="..\include\compv\gl\compv_gl_canvas.h">
      <Filter>include</Filter>
    </ClInclude>
    <ClInclude Include="..\include\compv\gl\compv_gl_common.h">
      <Filter>include</Filter>
    </ClInclude>
    <ClInclude Include="..\include\compv\gl\compv_gl_config.h">
      <Filter>include</Filter>
    </ClInclude>
    <ClInclude Include="..\include\compv\gl\compv_gl_context.h">
      <Filter>include</Filter>
    </ClInclude>
    <ClInclude Include="..\include\compv\gl\compv_gl_fbo.h">
      <Filter>include</Filter>
    </ClInclude>
    <ClInclude Include="..\include\compv\gl\compv_gl_func.h">
      <Filter>include</Filter>
    </ClInclude>
    <ClInclude Include="..\include\compv\gl\compv_gl_headers.h">
      <Filter>include</Filter>
    </ClInclude>
    <ClInclude Include="..\include\compv\gl\compv_gl_info.h">
      <Filter>include</Filter>
    </ClInclude>
    <ClInclude Include="..\include\compv\gl\compv_gl_mvp.h">
      <Filter>include</Filter>
    </ClInclude>
    <ClInclude Include="..\include\compv\gl\compv_gl_program.h">
      <Filter>include</Filter>
    </ClInclude>
    <ClInclude Include="..\include\compv\gl\compv_gl_renderer.h">
      <Filter>include</Filter>
    </ClInclude>
    <ClInclude Include="..\include\compv\gl\compv_gl_surface.h">
      <Filter>include</Filter>
    </ClInclude>
    <ClInclude Include="..\include\compv\gl\compv_gl_surfacelayer_matching.h">
      <Filter>include</Filter>
    </ClInclude>
    <ClInclude Include="..\include\compv\gl\compv_gl_surfacelayer_multi.h">
      <Filter>include</Filter>
    </ClInclude>
    <ClInclude Include="..\include\compv\gl\compv_gl_surfacelayer_single.h">
      <Filter>include</Filter>
    </ClInclude>
    <ClInclude Include="..\include\compv\gl\compv_gl_utils.h">
      <Filter>include</Filter>
    </ClInclude>
    <ClInclude Include="..\include\compv\gl\compv_gl_vao.h">
      <Filter>include</Filter>
    </ClInclude>
    <ClInclude Include="..\include\compv\gl\compv_gl_window.h">
      <Filter>include</Filter>
    </ClInclude>
    <ClInclude Include="..\include\compv\gl\drawing\compv_gl_canvas_impl.h">
      <Filter>include\drawing</Filter>
    </ClInclude>
    <ClInclude Include="..\include\compv\gl\drawing\compv_gl_draw.h">
      <Filter>include\drawing</Filter>
    </ClInclude>
    <ClInclude Include="..\include\compv\gl\drawing\compv_gl_draw_points.h">
      <Filter>include\drawing</Filter>
    </ClInclude>
  </ItemGroup>
  <ItemGroup>
    <ClCompile Include="..\compv_gl.cxx">
      <Filter>source</Filter>
    </ClCompile>
    <ClCompile Include="..\compv_gl_blitter.cxx">
      <Filter>source</Filter>
    </ClCompile>
    <ClCompile Include="..\compv_gl_canvas.cxx">
      <Filter>source</Filter>
    </ClCompile>
    <ClCompile Include="..\compv_gl_context.cxx">
      <Filter>source</Filter>
    </ClCompile>
    <ClCompile Include="..\compv_gl_fbo.cxx">
      <Filter>source</Filter>
    </ClCompile>
    <ClCompile Include="..\compv_gl_info.cxx">
      <Filter>source</Filter>
    </ClCompile>
    <ClCompile Include="..\compv_gl_mvp.cxx">
      <Filter>source</Filter>
    </ClCompile>
    <ClCompile Include="..\compv_gl_program.cxx">
      <Filter>source</Filter>
    </ClCompile>
    <ClCompile Include="..\compv_gl_renderer.cxx">
      <Filter>source</Filter>
    </ClCompile>
    <ClCompile Include="..\compv_gl_surface.cxx">
      <Filter>source</Filter>
    </ClCompile>
    <ClCompile Include="..\compv_gl_surfacelayer_matching.cxx">
      <Filter>source</Filter>
    </ClCompile>
    <ClCompile Include="..\compv_gl_surfacelayer_multi.cxx">
      <Filter>source</Filter>
    </ClCompile>
    <ClCompile Include="..\compv_gl_surfacelayer_single.cxx">
      <Filter>source</Filter>
    </ClCompile>
    <ClCompile Include="..\compv_gl_utils.cxx">
      <Filter>source</Filter>
    </ClCompile>
    <ClCompile Include="..\compv_gl_vao.cxx">
      <Filter>source</Filter>
    </ClCompile>
    <ClCompile Include="..\compv_gl_window.cxx">
      <Filter>source</Filter>
    </ClCompile>
    <ClCompile Include="..\drawing\compv_gl_canvas_impl.cxx">
      <Filter>source\drawing</Filter>
    </ClCompile>
    <ClCompile Include="..\drawing\compv_gl_draw.cxx">
      <Filter>source\drawing</Filter>
    </ClCompile>
    <ClCompile Include="..\drawing\compv_gl_draw_points.cxx">
      <Filter>source\drawing</Filter>
    </ClCompile>
  </ItemGroup>
</Project>