
Microsoft Visual Studio Solution File, Format Version 12.00
# Visual Studio 14
VisualStudioVersion = 14.0.25420.1
MinimumVisualStudioVersion = 10.0.40219.1
Project("{8BC9CEB8-8B4A-11D0-8D11-00A0C91BC942}") = "unittests.NativeActivity", "unittests.NativeActivity\unittests.NativeActivity.vcxproj", "{1BFE664B-428E-48F9-BE2C-9C05BD3CC1FA}"
EndProject
Project("{39E2626F-3545-4960-A6E8-258AD8476CE5}") = "unittests.Packaging", "unittests.Packaging\unittests.Packaging.androidproj", "{3AB4343E-15B9-466D-A12F-1507C9B4EC53}"
EndProject
Project("{8BC9CEB8-8B4A-11D0-8D11-00A0C91BC942}") = "CompVBase", "..\..\base\vs_android\CompVBase.vcxproj", "{9320E994-AA59-49BA-AB64-F82AEDEC49A3}"
EndProject
Project("{8BC9CEB8-8B4A-11D0-8D11-00A0C91BC942}") = "CompVCamera", "..\..\camera\vs_android\CompVCamera.vcxproj", "{64AC0599-632D-483E-AED0-D355BC22C805}"
EndProject
Project("{8BC9CEB8-8B4A-11D0-8D11-00A0C91BC942}") = "CompVCore", "..\..\core\vs_android\CompVCore.vcxproj", "{BF9EDB99-BA3A-4083-A6B5-D52067E235A4}"
EndProject
Project("{8BC9CEB8-8B4A-11D0-8D11-00A0C91BC942}") = "CompVDrawing", "..\..\drawing\vs_android\CompVDrawing.vcxproj", "{68935871-4451-42BA-B9C0-C547AB282F0C}"
EndProject
Project("{8BC9CEB8-8B4A-11D0-8D11-00A0C91BC942}") = "CompVGL", "..\..\gl\vs_android\CompVGL.vcxproj", "{C9A86A91-D297-43F4-B31E-BE1A833391BB}"
EndProject
Global
	GlobalSection(SolutionConfigurationPlatforms) = preSolution
		Debug|ARM = Debug|ARM
		Debug|ARM64 = Debug|ARM64
		Debug|x64 = Debug|x64
		Debug|x86 = Debug|x86
		Release|ARM = Release|ARM
		Release|ARM64 = Release|ARM64
		Release|x64 = Release|x64
		Release|x86 = Release|x86
	EndGlobalSection
	GlobalSection(ProjectConfigurationPlatforms) = postSolution
		{1BFE664B-428E-48F9-BE2C-9C05BD3CC1FA}.Debug|ARM.ActiveCfg = Debug|ARM
		{1BFE664B-428E-48F9-BE2C-9C05BD3CC1FA}.Debug|ARM.Build.0 = Debug|ARM
		{1BFE664B-428E-48F9-BE2C-9C05BD3CC1FA}.Debug|ARM64.ActiveCfg = Debug|ARM64
		{1BFE664B-428E-48F9-BE2C-9C05BD3CC1FA}.Debug|ARM64.Build.0 = Debug|ARM64
		{1BFE664B-428E-48F9-BE2C-9C05BD3CC1FA}.Debug|x64.ActiveCfg = Debug|x64
		{1BFE664B-428E-48F9-BE2C-9C05BD3CC1FA}.Debug|x64.Build.0 = Debug|x64
		{1BFE664B-428E-48F9-BE2C-9C05BD3CC1FA}.Debug|x86.ActiveCfg = Debug|x86
		{1BFE664B-428E-48F9-BE2C-9C05BD3CC1FA}.Debug|x86.Build.0 = Debug|x86
		{1BFE664B-428E-48F9-BE2C-9C05BD3CC1FA}.Release|ARM.ActiveCfg = Release|ARM
		{1BFE664B-428E-48F9-BE2C-9C05BD3CC1FA}.Release|ARM.Build.0 = Release|ARM
		{1BFE664B-428E-48F9-BE2C-9C05BD3CC1FA}.Release|ARM64.ActiveCfg = Release|ARM64
		{1BFE664B-428E-48F9-BE2C-9C05BD3CC1FA}.Release|ARM64.Build.0 = Release|ARM64
		{1BFE664B-428E-48F9-BE2C-9C05BD3CC1FA}.Release|x64.ActiveCfg = Release|x64
		{1BFE664B-428E-48F9-BE2C-9C05BD3CC1FA}.Release|x64.Build.0 = Release|x64
		{1BFE664B-428E-48F9-BE2C-9C05BD3CC1FA}.Release|x86.ActiveCfg = Release|x86
		{1BFE664B-428E-48F9-BE2C-9C05BD3CC1FA}.Release|x86.Build.0 = Release|x86
		{3AB4343E-15B9-466D-A12F-1507C9B4EC53}.Debug|ARM.ActiveCfg = Debug|ARM
		{3AB4343E-15B9-466D-A12F-1507C9B4EC53}.Debug|ARM.Build.0 = Debug|ARM
		{3AB4343E-15B9-466D-A12F-1507C9B4EC53}.Debug|ARM.Deploy.0 = Debug|ARM
		{3AB4343E-15B9-466D-A12F-1507C9B4EC53}.Debug|ARM64.ActiveCfg = Debug|ARM64
		{3AB4343E-15B9-466D-A12F-1507C9B4EC53}.Debug|ARM64.Build.0 = Debug|ARM64
		{3AB4343E-15B9-466D-A12F-1507C9B4EC53}.Debug|ARM64.Deploy.0 = Debug|ARM64
		{3AB4343E-15B9-466D-A12F-1507C9B4EC53}.Debug|x64.ActiveCfg = Debug|x64
		{3AB4343E-15B9-466D-A12F-1507C9B4EC53}.Debug|x64.Build.0 = Debug|x64
		{3AB4343E-15B9-466D-A12F-1507C9B4EC53}.Debug|x64.Deploy.0 = Debug|x64
		{3AB4343E-15B9-466D-A12F-1507C9B4EC53}.Debug|x86.ActiveCfg = Debug|x86
		{3AB4343E-15B9-466D-A12F-1507C9B4EC53}.Debug|x86.Build.0 = Debug|x86
		{3AB4343E-15B9-466D-A12F-1507C9B4EC53}.Debug|x86.Deploy.0 = Debug|x86
		{3AB4343E-15B9-466D-A12F-1507C9B4EC53}.Release|ARM.ActiveCfg = Release|ARM
		{3AB4343E-15B9-466D-A12F-1507C9B4EC53}.Release|ARM.Build.0 = Release|ARM
		{3AB4343E-15B9-466D-A12F-1507C9B4EC53}.Release|ARM.Deploy.0 = Release|ARM
		{3AB4343E-15B9-466D-A12F-1507C9B4EC53}.Release|ARM64.ActiveCfg = Release|ARM64
		{3AB4343E-15B9-466D-A12F-1507C9B4EC53}.Release|ARM64.Build.0 = Release|ARM64
		{3AB4343E-15B9-466D-A12F-1507C9B4EC53}.Release|ARM64.Deploy.0 = Release|ARM64
		{3AB4343E-15B9-466D-A12F-1507C9B4EC53}.Release|x64.ActiveCfg = Release|x64
		{3AB4343E-15B9-466D-A12F-1507C9B4EC53}.Release|x64.Build.0 = Release|x64
		{3AB4343E-15B9-466D-A12F-1507C9B4EC53}.Release|x64.Deploy.0 = Release|x64
		{3AB4343E-15B9-466D-A12F-1507C9B4EC53}.Release|x86.ActiveCfg = Release|x86
		{3AB4343E-15B9-466D-A12F-1507C9B4EC53}.Release|x86.Build.0 = Release|x86
		{3AB4343E-15B9-466D-A12F-1507C9B4EC53}.Release|x86.Deploy.0 = Release|x86
		{9320E994-AA59-49BA-AB64-F82AEDEC49A3}.Debug|ARM.ActiveCfg = Debug|ARM
		{9320E994-AA59-49BA-AB64-F82AEDEC49A3}.Debug|ARM.Build.0 = Debug|ARM
		{9320E994-AA59-49BA-AB64-F82AEDEC49A3}.Debug|ARM64.ActiveCfg = Debug|ARM64
		{9320E994-AA59-49BA-AB64-F82AEDEC49A3}.Debug|ARM64.Build.0 = Debug|ARM64
		{9320E994-AA59-49BA-AB64-F82AEDEC49A3}.Debug|x64.ActiveCfg = Debug|x64
		{9320E994-AA59-49BA-AB64-F82AEDEC49A3}.Debug|x64.Build.0 = Debug|x64
		{9320E994-AA59-49BA-AB64-F82AEDEC49A3}.Debug|x86.ActiveCfg = Debug|x86
		{9320E994-AA59-49BA-AB64-F82AEDEC49A3}.Debug|x86.Build.0 = Debug|x86
		{9320E994-AA59-49BA-AB64-F82AEDEC49A3}.Release|ARM.ActiveCfg = Release|ARM
		{9320E994-AA59-49BA-AB64-F82AEDEC49A3}.Release|ARM.Build.0 = Release|ARM
		{9320E994-AA59-49BA-AB64-F82AEDEC49A3}.Release|ARM64.ActiveCfg = Release|ARM64
		{9320E994-AA59-49BA-AB64-F82AEDEC49A3}.Release|ARM64.Build.0 = Release|ARM64
		{9320E994-AA59-49BA-AB64-F82AEDEC49A3}.Release|x64.ActiveCfg = Release|x64
		{9320E994-AA59-49BA-AB64-F82AEDEC49A3}.Release|x64.Build.0 = Release|x64
		{9320E994-AA59-49BA-AB64-F82AEDEC49A3}.Release|x86.ActiveCfg = Release|x86
		{9320E994-AA59-49BA-AB64-F82AEDEC49A3}.Release|x86.Build.0 = Release|x86
		{64AC0599-632D-483E-AED0-D355BC22C805}.Debug|ARM.ActiveCfg = Debug|ARM
		{64AC0599-632D-483E-AED0-D355BC22C805}.Debug|ARM.Build.0 = Debug|ARM
		{64AC0599-632D-483E-AED0-D355BC22C805}.Debug|ARM64.ActiveCfg = Debug|ARM64
		{64AC0599-632D-483E-AED0-D355BC22C805}.Debug|ARM64.Build.0 = Debug|ARM64
		{64AC0599-632D-483E-AED0-D355BC22C805}.Debug|x64.ActiveCfg = Debug|x64
		{64AC0599-632D-483E-AED0-D355BC22C805}.Debug|x64.Build.0 = Debug|x64
		{64AC0599-632D-483E-AED0-D355BC22C805}.Debug|x86.ActiveCfg = Debug|x86
		{64AC0599-632D-483E-AED0-D355BC22C805}.Debug|x86.Build.0 = Debug|x86
		{64AC0599-632D-483E-AED0-D355BC22C805}.Release|ARM.ActiveCfg = Release|ARM
		{64AC0599-632D-483E-AED0-D355BC22C805}.Release|ARM.Build.0 = Release|ARM
		{64AC0599-632D-483E-AED0-D355BC22C805}.Release|ARM64.ActiveCfg = Release|ARM64
		{64AC0599-632D-483E-AED0-D355BC22C805}.Release|ARM64.Build.0 = Release|ARM64
		{64AC0599-632D-483E-AED0-D355BC22C805}.Release|x64.ActiveCfg = Release|x64
		{64AC0599-632D-483E-AED0-D355BC22C805}.Release|x64.Build.0 = Release|x64
		{64AC0599-632D-483E-AED0-D355BC22C805}.Release|x86.ActiveCfg = Release|x86
		{64AC0599-632D-483E-AED0-D355BC22C805}.Release|x86.Build.0 = Release|x86
		{BF9EDB99-BA3A-4083-A6B5-D52067E235A4}.Debug|ARM.ActiveCfg = Debug|ARM
		{BF9EDB99-BA3A-4083-A6B5-D52067E235A4}.Debug|ARM.Build.0 = Debug|ARM
		{BF9EDB99-BA3A-4083-A6B5-D52067E235A4}.Debug|ARM64.ActiveCfg = Debug|ARM64
		{BF9EDB99-BA3A-4083-A6B5-D52067E235A4}.Debug|ARM64.Build.0 = Debug|ARM64
		{BF9EDB99-BA3A-4083-A6B5-D52067E235A4}.Debug|x64.ActiveCfg = Debug|x64
		{BF9EDB99-BA3A-4083-A6B5-D52067E235A4}.Debug|x64.Build.0 = Debug|x64
		{BF9EDB99-BA3A-4083-A6B5-D52067E235A4}.Debug|x86.ActiveCfg = Debug|x86
		{BF9EDB99-BA3A-4083-A6B5-D52067E235A4}.Debug|x86.Build.0 = Debug|x86
		{BF9EDB99-BA3A-4083-A6B5-D52067E235A4}.Release|ARM.ActiveCfg = Release|ARM
		{BF9EDB99-BA3A-4083-A6B5-D52067E235A4}.Release|ARM.Build.0 = Release|ARM
		{BF9EDB99-BA3A-4083-A6B5-D52067E235A4}.Release|ARM64.ActiveCfg = Release|ARM64
		{BF9EDB99-BA3A-4083-A6B5-D52067E235A4}.Release|ARM64.Build.0 = Release|ARM64
		{BF9EDB99-BA3A-4083-A6B5-D52067E235A4}.Release|x64.ActiveCfg = Release|x64
		{BF9EDB99-BA3A-4083-A6B5-D52067E235A4}.Release|x64.Build.0 = Release|x64
		{BF9EDB99-BA3A-4083-A6B5-D52067E235A4}.Release|x86.ActiveCfg = Release|x86
		{BF9EDB99-BA3A-4083-A6B5-D52067E235A4}.Release|x86.Build.0 = Release|x86
		{68935871-4451-42BA-B9C0-C547AB282F0C}.Debug|ARM.ActiveCfg = Debug|ARM
		{68935871-4451-42BA-B9C0-C547AB282F0C}.Debug|ARM.Build.0 = Debug|ARM
		{68935871-4451-42BA-B9C0-C547AB282F0C}.Debug|ARM64.ActiveCfg = Debug|ARM64
		{68935871-4451-42BA-B9C0-C547AB282F0C}.Debug|ARM64.Build.0 = Debug|ARM64
		{68935871-4451-42BA-B9C0-C547AB282F0C}.Debug|x64.ActiveCfg = Debug|x64
		{68935871-4451-42BA-B9C0-C547AB282F0C}.Debug|x64.Build.0 = Debug|x64
		{68935871-4451-42BA-B9C0-C547AB282F0C}.Debug|x86.ActiveCfg = Debug|x86
		{68935871-4451-42BA-B9C0-C547AB282F0C}.Debug|x86.Build.0 = Debug|x86
		{68935871-4451-42BA-B9C0-C547AB282F0C}.Release|ARM.ActiveCfg = Release|ARM
		{68935871-4451-42BA-B9C0-C547AB282F0C}.Release|ARM.Build.0 = Release|ARM
		{68935871-4451-42BA-B9C0-C547AB282F0C}.Release|ARM64.ActiveCfg = Release|ARM64
		{68935871-4451-42BA-B9C0-C547AB282F0C}.Release|ARM64.Build.0 = Release|ARM64
		{68935871-4451-42BA-B9C0-C547AB282F0C}.Release|x64.ActiveCfg = Release|x64
		{68935871-4451-42BA-B9C0-C547AB282F0C}.Release|x64.Build.0 = Release|x64
		{68935871-4451-42BA-B9C0-C547AB282F0C}.Release|x86.ActiveCfg = Release|x86
		{68935871-4451-42BA-B9C0-C547AB282F0C}.Release|x86.Build.0 = Release|x86
		{C9A86A91-D297-43F4-B31E-BE1A833391BB}.Debug|ARM.ActiveCfg = Debug|ARM
		{C9A86A91-D297-43F4-B31E-BE1A833391BB}.Debug|ARM.Build.0 = Debug|ARM
		{C9A86A91-D297-43F4-B31E-BE1A833391BB}.Debug|ARM64.ActiveCfg = Debug|ARM64
		{C9A86A91-D297-43F4-B31E-BE1A833391BB}.Debug|ARM64.Build.0 = Debug|ARM64
		{C9A86A91-D297-43F4-B31E-BE1A833391BB}.Debug|x64.ActiveCfg = Debug|x64
		{C9A86A91-D297-43F4-B31E-BE1A833391BB}.Debug|x64.Build.0 = Debug|x64
		{C9A86A91-D297-43F4-B31E-BE1A833391BB}.Debug|x86.ActiveCfg = Debug|x86
		{C9A86A91-D297-43F4-B31E-BE1A833391BB}.Debug|x86.Build.0 = Debug|x86
		{C9A86A91-D297-43F4-B31E-BE1A833391BB}.Release|ARM.ActiveCfg = Release|ARM
		{C9A86A91-D297-43F4-B31E-BE1A833391BB}.Release|ARM.Build.0 = Release|ARM
		{C9A86A91-D297-43F4-B31E-BE1A833391BB}.Release|ARM64.ActiveCfg = Release|ARM64
		{C9A86A91-D297-43F4-B31E-BE1A833391BB}.Release|ARM64.Build.0 = Release|ARM64
		{C9A86A91-D297-43F4-B31E-BE1A833391BB}.Release|x64.ActiveCfg = Release|x64
		{C9A86A91-D297-43F4-B31E-BE1A833391BB}.Release|x64.Build.0 = Release|x64
		{C9A86A91-D297-43F4-B31E-BE1A833391BB}.Release|x86.ActiveCfg = Release|x86
		{C9A86A91-D297-43F4-B31E-BE1A833391BB}.Release|x86.Build.0 = Release|x86
	EndGlobalSection
	GlobalSection(SolutionProperties) = preSolution
		HideSolutionNode = FALSE
	EndGlobalSection
EndGlobal
